// !$*UTF8*$!
{
	archiveVersion = 1;
	classes = {
	};
	objectVersion = 46;
	objects = {

/* Begin PBXBuildFile section */
		C91B8DA0171A1F2600AE468C /* FNAddPlayersVC.m in Sources */ = {isa = PBXBuildFile; fileRef = C91B8D9F171A1F2600AE468C /* FNAddPlayersVC.m */; };
		C91B8DA1171A1F2600AE468C /* FNAddPlayersVC.m in Sources */ = {isa = PBXBuildFile; fileRef = C91B8D9F171A1F2600AE468C /* FNAddPlayersVC.m */; };
		C9649E411718B7390039B88E /* UIKit.framework in Frameworks */ = {isa = PBXBuildFile; fileRef = C9649E401718B7390039B88E /* UIKit.framework */; };
		C9649E431718B7390039B88E /* Foundation.framework in Frameworks */ = {isa = PBXBuildFile; fileRef = C9649E421718B7390039B88E /* Foundation.framework */; };
		C9649E451718B7390039B88E /* CoreGraphics.framework in Frameworks */ = {isa = PBXBuildFile; fileRef = C9649E441718B7390039B88E /* CoreGraphics.framework */; };
		C9649E4B1718B7390039B88E /* InfoPlist.strings in Resources */ = {isa = PBXBuildFile; fileRef = C9649E491718B7390039B88E /* InfoPlist.strings */; };
		C9649E4D1718B7390039B88E /* main.m in Sources */ = {isa = PBXBuildFile; fileRef = C9649E4C1718B7390039B88E /* main.m */; };
		C9649E511718B7390039B88E /* FNAppDelegate.m in Sources */ = {isa = PBXBuildFile; fileRef = C9649E501718B7390039B88E /* FNAppDelegate.m */; };
		C9649E531718B7390039B88E /* Default.png in Resources */ = {isa = PBXBuildFile; fileRef = C9649E521718B7390039B88E /* Default.png */; };
		C9649E551718B7390039B88E /* Default@2x.png in Resources */ = {isa = PBXBuildFile; fileRef = C9649E541718B7390039B88E /* Default@2x.png */; };
		C9649E571718B7390039B88E /* Default-568h@2x.png in Resources */ = {isa = PBXBuildFile; fileRef = C9649E561718B7390039B88E /* Default-568h@2x.png */; };
		C9649E5A1718B7390039B88E /* MainStoryboard.storyboard in Resources */ = {isa = PBXBuildFile; fileRef = C9649E581718B7390039B88E /* MainStoryboard.storyboard */; };
		C9649E651718B7390039B88E /* SenTestingKit.framework in Frameworks */ = {isa = PBXBuildFile; fileRef = C9649E641718B7390039B88E /* SenTestingKit.framework */; };
		C9649E661718B7390039B88E /* UIKit.framework in Frameworks */ = {isa = PBXBuildFile; fileRef = C9649E401718B7390039B88E /* UIKit.framework */; };
		C9649E671718B7390039B88E /* Foundation.framework in Frameworks */ = {isa = PBXBuildFile; fileRef = C9649E421718B7390039B88E /* Foundation.framework */; };
		C9649E6F1718B7390039B88E /* InfoPlist.strings in Resources */ = {isa = PBXBuildFile; fileRef = C9649E6D1718B7390039B88E /* InfoPlist.strings */; };
		C9649E721718B7390039B88E /* Five_NounsTests.m in Sources */ = {isa = PBXBuildFile; fileRef = C9649E711718B7390039B88E /* Five_NounsTests.m */; };
		C9772D051719FE01005E0130 /* FNCountDownTimer.m in Sources */ = {isa = PBXBuildFile; fileRef = C9772D041719FE01005E0130 /* FNCountDownTimer.m */; };
		C9772D061719FE01005E0130 /* FNCountDownTimer.m in Sources */ = {isa = PBXBuildFile; fileRef = C9772D041719FE01005E0130 /* FNCountDownTimer.m */; };
		C99279DE17192F180035658F /* FNGameManager.m in Sources */ = {isa = PBXBuildFile; fileRef = C99279DD17192F180035658F /* FNGameManager.m */; };
		C99279DF17192F180035658F /* FNGameManager.m in Sources */ = {isa = PBXBuildFile; fileRef = C99279DD17192F180035658F /* FNGameManager.m */; };
		C99279E3171932510035658F /* FNBrain.m in Sources */ = {isa = PBXBuildFile; fileRef = C99279E2171932510035658F /* FNBrain.m */; };
		C99279E4171932510035658F /* FNBrain.m in Sources */ = {isa = PBXBuildFile; fileRef = C99279E2171932510035658F /* FNBrain.m */; };
		C99279E717193AAD0035658F /* FNPlayer.m in Sources */ = {isa = PBXBuildFile; fileRef = C99279E617193AAD0035658F /* FNPlayer.m */; };
		C99279E817193AAD0035658F /* FNPlayer.m in Sources */ = {isa = PBXBuildFile; fileRef = C99279E617193AAD0035658F /* FNPlayer.m */; };
		C99279EB17193C780035658F /* FNScoreCard.m in Sources */ = {isa = PBXBuildFile; fileRef = C99279EA17193C780035658F /* FNScoreCard.m */; };
		C99279EC17193C780035658F /* FNScoreCard.m in Sources */ = {isa = PBXBuildFile; fileRef = C99279EA17193C780035658F /* FNScoreCard.m */; };
		C993E2EE1728C4F000C37DB8 /* FNButtonRect.m in Sources */ = {isa = PBXBuildFile; fileRef = C993E2ED1728C4F000C37DB8 /* FNButtonRect.m */; };
		C993E2EF1728C4F000C37DB8 /* FNButtonRect.m in Sources */ = {isa = PBXBuildFile; fileRef = C993E2ED1728C4F000C37DB8 /* FNButtonRect.m */; };
		C993E2F41728C6A800C37DB8 /* buttonRect.png in Resources */ = {isa = PBXBuildFile; fileRef = C993E2F21728C6A800C37DB8 /* buttonRect.png */; };
		C993E2F51728C6A800C37DB8 /* buttonRect.png in Resources */ = {isa = PBXBuildFile; fileRef = C993E2F21728C6A800C37DB8 /* buttonRect.png */; };
		C993E2F61728C6A800C37DB8 /* buttonRect@2x.png in Resources */ = {isa = PBXBuildFile; fileRef = C993E2F31728C6A800C37DB8 /* buttonRect@2x.png */; };
		C993E2F71728C6A800C37DB8 /* buttonRect@2x.png in Resources */ = {isa = PBXBuildFile; fileRef = C993E2F31728C6A800C37DB8 /* buttonRect@2x.png */; };
		C993E3051728DC0A00C37DB8 /* FNAppearance.m in Sources */ = {isa = PBXBuildFile; fileRef = C993E3041728DC0A00C37DB8 /* FNAppearance.m */; };
		C993E3061728DC0A00C37DB8 /* FNAppearance.m in Sources */ = {isa = PBXBuildFile; fileRef = C993E3041728DC0A00C37DB8 /* FNAppearance.m */; };
		C993E3091728DD8000C37DB8 /* FNTableViewController.m in Sources */ = {isa = PBXBuildFile; fileRef = C993E3081728DD8000C37DB8 /* FNTableViewController.m */; };
		C993E30A1728DD8000C37DB8 /* FNTableViewController.m in Sources */ = {isa = PBXBuildFile; fileRef = C993E3081728DD8000C37DB8 /* FNTableViewController.m */; };
		C993E30D1728E48B00C37DB8 /* navBarBackground.png in Resources */ = {isa = PBXBuildFile; fileRef = C993E30B1728E48B00C37DB8 /* navBarBackground.png */; };
		C993E30E1728E48B00C37DB8 /* navBarBackground.png in Resources */ = {isa = PBXBuildFile; fileRef = C993E30B1728E48B00C37DB8 /* navBarBackground.png */; };
		C993E30F1728E48B00C37DB8 /* navBarBackground@2x.png in Resources */ = {isa = PBXBuildFile; fileRef = C993E30C1728E48B00C37DB8 /* navBarBackground@2x.png */; };
		C993E3101728E48B00C37DB8 /* navBarBackground@2x.png in Resources */ = {isa = PBXBuildFile; fileRef = C993E30C1728E48B00C37DB8 /* navBarBackground@2x.png */; };
		C99E2E81171A896C001AE786 /* FNCreateTeamVC.m in Sources */ = {isa = PBXBuildFile; fileRef = C99E2E80171A896C001AE786 /* FNCreateTeamVC.m */; };
		C99E2E82171A896C001AE786 /* FNCreateTeamVC.m in Sources */ = {isa = PBXBuildFile; fileRef = C99E2E80171A896C001AE786 /* FNCreateTeamVC.m */; };
		C9B40EE7171A1CC100619D57 /* FNNewGameVC.m in Sources */ = {isa = PBXBuildFile; fileRef = C9B40EE6171A1CC100619D57 /* FNNewGameVC.m */; };
		C9B40EE8171A1CC100619D57 /* FNNewGameVC.m in Sources */ = {isa = PBXBuildFile; fileRef = C9B40EE6171A1CC100619D57 /* FNNewGameVC.m */; };
		C9E353B3171B5750003061D3 /* FNOrderTeamsVC.m in Sources */ = {isa = PBXBuildFile; fileRef = C9E353B2171B5750003061D3 /* FNOrderTeamsVC.m */; };
		C9E353B4171B5750003061D3 /* FNOrderTeamsVC.m in Sources */ = {isa = PBXBuildFile; fileRef = C9E353B2171B5750003061D3 /* FNOrderTeamsVC.m */; };
		C9F04F0B171A257600AAAF75 /* FNCreatePlayerVC.m in Sources */ = {isa = PBXBuildFile; fileRef = C9F04F0A171A257600AAAF75 /* FNCreatePlayerVC.m */; };
		C9F04F0C171A257600AAAF75 /* FNCreatePlayerVC.m in Sources */ = {isa = PBXBuildFile; fileRef = C9F04F0A171A257600AAAF75 /* FNCreatePlayerVC.m */; };
		C9F04F13171A282F00AAAF75 /* FNEditableCell.m in Sources */ = {isa = PBXBuildFile; fileRef = C9F04F12171A282F00AAAF75 /* FNEditableCell.m */; };
		C9F04F14171A282F00AAAF75 /* FNEditableCell.m in Sources */ = {isa = PBXBuildFile; fileRef = C9F04F12171A282F00AAAF75 /* FNEditableCell.m */; };
		C9F04F1F171A5FD000AAAF75 /* FNAssignTeamsVC.m in Sources */ = {isa = PBXBuildFile; fileRef = C9F04F1E171A5FD000AAAF75 /* FNAssignTeamsVC.m */; };
		C9F04F20171A5FD000AAAF75 /* FNAssignTeamsVC.m in Sources */ = {isa = PBXBuildFile; fileRef = C9F04F1E171A5FD000AAAF75 /* FNAssignTeamsVC.m */; };
		C9F04F23171A69EA00AAAF75 /* FNTeam.m in Sources */ = {isa = PBXBuildFile; fileRef = C9F04F22171A69EA00AAAF75 /* FNTeam.m */; };
		C9F04F24171A69EA00AAAF75 /* FNTeam.m in Sources */ = {isa = PBXBuildFile; fileRef = C9F04F22171A69EA00AAAF75 /* FNTeam.m */; };
		C9F04F27171A72B600AAAF75 /* FNSelectTeamVC.m in Sources */ = {isa = PBXBuildFile; fileRef = C9F04F26171A72B600AAAF75 /* FNSelectTeamVC.m */; };
		C9F04F28171A72B600AAAF75 /* FNSelectTeamVC.m in Sources */ = {isa = PBXBuildFile; fileRef = C9F04F26171A72B600AAAF75 /* FNSelectTeamVC.m */; };
/* End PBXBuildFile section */

/* Begin PBXContainerItemProxy section */
		C9649E681718B7390039B88E /* PBXContainerItemProxy */ = {
			isa = PBXContainerItemProxy;
			containerPortal = C9649E331718B7390039B88E /* Project object */;
			proxyType = 1;
			remoteGlobalIDString = C9649E3B1718B7390039B88E;
			remoteInfo = "Five Nouns";
		};
/* End PBXContainerItemProxy section */

/* Begin PBXFileReference section */
		C91B8D9E171A1F2600AE468C /* FNAddPlayersVC.h */ = {isa = PBXFileReference; fileEncoding = 4; lastKnownFileType = sourcecode.c.h; path = FNAddPlayersVC.h; sourceTree = "<group>"; };
		C91B8D9F171A1F2600AE468C /* FNAddPlayersVC.m */ = {isa = PBXFileReference; fileEncoding = 4; lastKnownFileType = sourcecode.c.objc; path = FNAddPlayersVC.m; sourceTree = "<group>"; };
		C9649E3C1718B7390039B88E /* Five Nouns.app */ = {isa = PBXFileReference; explicitFileType = wrapper.application; includeInIndex = 0; path = "Five Nouns.app"; sourceTree = BUILT_PRODUCTS_DIR; };
		C9649E401718B7390039B88E /* UIKit.framework */ = {isa = PBXFileReference; lastKnownFileType = wrapper.framework; name = UIKit.framework; path = System/Library/Frameworks/UIKit.framework; sourceTree = SDKROOT; };
		C9649E421718B7390039B88E /* Foundation.framework */ = {isa = PBXFileReference; lastKnownFileType = wrapper.framework; name = Foundation.framework; path = System/Library/Frameworks/Foundation.framework; sourceTree = SDKROOT; };
		C9649E441718B7390039B88E /* CoreGraphics.framework */ = {isa = PBXFileReference; lastKnownFileType = wrapper.framework; name = CoreGraphics.framework; path = System/Library/Frameworks/CoreGraphics.framework; sourceTree = SDKROOT; };
		C9649E481718B7390039B88E /* Five Nouns-Info.plist */ = {isa = PBXFileReference; lastKnownFileType = text.plist.xml; path = "Five Nouns-Info.plist"; sourceTree = "<group>"; };
		C9649E4A1718B7390039B88E /* en */ = {isa = PBXFileReference; lastKnownFileType = text.plist.strings; name = en; path = en.lproj/InfoPlist.strings; sourceTree = "<group>"; };
		C9649E4C1718B7390039B88E /* main.m */ = {isa = PBXFileReference; lastKnownFileType = sourcecode.c.objc; path = main.m; sourceTree = "<group>"; };
		C9649E4E1718B7390039B88E /* Five Nouns-Prefix.pch */ = {isa = PBXFileReference; lastKnownFileType = sourcecode.c.h; path = "Five Nouns-Prefix.pch"; sourceTree = "<group>"; };
		C9649E4F1718B7390039B88E /* FNAppDelegate.h */ = {isa = PBXFileReference; lastKnownFileType = sourcecode.c.h; path = FNAppDelegate.h; sourceTree = "<group>"; };
		C9649E501718B7390039B88E /* FNAppDelegate.m */ = {isa = PBXFileReference; lastKnownFileType = sourcecode.c.objc; path = FNAppDelegate.m; sourceTree = "<group>"; };
		C9649E521718B7390039B88E /* Default.png */ = {isa = PBXFileReference; lastKnownFileType = image.png; path = Default.png; sourceTree = "<group>"; };
		C9649E541718B7390039B88E /* Default@2x.png */ = {isa = PBXFileReference; lastKnownFileType = image.png; path = "Default@2x.png"; sourceTree = "<group>"; };
		C9649E561718B7390039B88E /* Default-568h@2x.png */ = {isa = PBXFileReference; lastKnownFileType = image.png; path = "Default-568h@2x.png"; sourceTree = "<group>"; };
		C9649E591718B7390039B88E /* en */ = {isa = PBXFileReference; lastKnownFileType = file.storyboard; name = en; path = en.lproj/MainStoryboard.storyboard; sourceTree = "<group>"; };
		C9649E631718B7390039B88E /* Five NounsTests.octest */ = {isa = PBXFileReference; explicitFileType = wrapper.cfbundle; includeInIndex = 0; path = "Five NounsTests.octest"; sourceTree = BUILT_PRODUCTS_DIR; };
		C9649E641718B7390039B88E /* SenTestingKit.framework */ = {isa = PBXFileReference; lastKnownFileType = wrapper.framework; name = SenTestingKit.framework; path = Library/Frameworks/SenTestingKit.framework; sourceTree = DEVELOPER_DIR; };
		C9649E6C1718B7390039B88E /* Five NounsTests-Info.plist */ = {isa = PBXFileReference; lastKnownFileType = text.plist.xml; path = "Five NounsTests-Info.plist"; sourceTree = "<group>"; };
		C9649E6E1718B7390039B88E /* en */ = {isa = PBXFileReference; lastKnownFileType = text.plist.strings; name = en; path = en.lproj/InfoPlist.strings; sourceTree = "<group>"; };
		C9649E701718B7390039B88E /* Five_NounsTests.h */ = {isa = PBXFileReference; lastKnownFileType = sourcecode.c.h; path = Five_NounsTests.h; sourceTree = "<group>"; };
		C9649E711718B7390039B88E /* Five_NounsTests.m */ = {isa = PBXFileReference; lastKnownFileType = sourcecode.c.objc; path = Five_NounsTests.m; sourceTree = "<group>"; };
		C9772D031719FE01005E0130 /* FNCountDownTimer.h */ = {isa = PBXFileReference; fileEncoding = 4; lastKnownFileType = sourcecode.c.h; path = FNCountDownTimer.h; sourceTree = "<group>"; };
		C9772D041719FE01005E0130 /* FNCountDownTimer.m */ = {isa = PBXFileReference; fileEncoding = 4; lastKnownFileType = sourcecode.c.objc; path = FNCountDownTimer.m; sourceTree = "<group>"; };
		C99279DC17192F180035658F /* FNGameManager.h */ = {isa = PBXFileReference; fileEncoding = 4; lastKnownFileType = sourcecode.c.h; path = FNGameManager.h; sourceTree = "<group>"; };
		C99279DD17192F180035658F /* FNGameManager.m */ = {isa = PBXFileReference; fileEncoding = 4; lastKnownFileType = sourcecode.c.objc; path = FNGameManager.m; sourceTree = "<group>"; };
		C99279E1171932510035658F /* FNBrain.h */ = {isa = PBXFileReference; fileEncoding = 4; lastKnownFileType = sourcecode.c.h; path = FNBrain.h; sourceTree = "<group>"; };
		C99279E2171932510035658F /* FNBrain.m */ = {isa = PBXFileReference; fileEncoding = 4; lastKnownFileType = sourcecode.c.objc; path = FNBrain.m; sourceTree = "<group>"; };
		C99279E517193AAD0035658F /* FNPlayer.h */ = {isa = PBXFileReference; fileEncoding = 4; lastKnownFileType = sourcecode.c.h; path = FNPlayer.h; sourceTree = "<group>"; };
		C99279E617193AAD0035658F /* FNPlayer.m */ = {isa = PBXFileReference; fileEncoding = 4; lastKnownFileType = sourcecode.c.objc; path = FNPlayer.m; sourceTree = "<group>"; };
		C99279E917193C780035658F /* FNScoreCard.h */ = {isa = PBXFileReference; fileEncoding = 4; lastKnownFileType = sourcecode.c.h; path = FNScoreCard.h; sourceTree = "<group>"; };
		C99279EA17193C780035658F /* FNScoreCard.m */ = {isa = PBXFileReference; fileEncoding = 4; lastKnownFileType = sourcecode.c.objc; path = FNScoreCard.m; sourceTree = "<group>"; };
		C993E2EC1728C4F000C37DB8 /* FNButtonRect.h */ = {isa = PBXFileReference; fileEncoding = 4; lastKnownFileType = sourcecode.c.h; path = FNButtonRect.h; sourceTree = "<group>"; };
		C993E2ED1728C4F000C37DB8 /* FNButtonRect.m */ = {isa = PBXFileReference; fileEncoding = 4; lastKnownFileType = sourcecode.c.objc; path = FNButtonRect.m; sourceTree = "<group>"; };
		C993E2F21728C6A800C37DB8 /* buttonRect.png */ = {isa = PBXFileReference; lastKnownFileType = image.png; path = buttonRect.png; sourceTree = "<group>"; };
		C993E2F31728C6A800C37DB8 /* buttonRect@2x.png */ = {isa = PBXFileReference; lastKnownFileType = image.png; path = "buttonRect@2x.png"; sourceTree = "<group>"; };
		C993E3031728DC0A00C37DB8 /* FNAppearance.h */ = {isa = PBXFileReference; fileEncoding = 4; lastKnownFileType = sourcecode.c.h; path = FNAppearance.h; sourceTree = "<group>"; };
		C993E3041728DC0A00C37DB8 /* FNAppearance.m */ = {isa = PBXFileReference; fileEncoding = 4; lastKnownFileType = sourcecode.c.objc; path = FNAppearance.m; sourceTree = "<group>"; };
		C993E3071728DD8000C37DB8 /* FNTableViewController.h */ = {isa = PBXFileReference; fileEncoding = 4; lastKnownFileType = sourcecode.c.h; path = FNTableViewController.h; sourceTree = "<group>"; };
		C993E3081728DD8000C37DB8 /* FNTableViewController.m */ = {isa = PBXFileReference; fileEncoding = 4; lastKnownFileType = sourcecode.c.objc; path = FNTableViewController.m; sourceTree = "<group>"; };
		C993E30B1728E48B00C37DB8 /* navBarBackground.png */ = {isa = PBXFileReference; lastKnownFileType = image.png; path = navBarBackground.png; sourceTree = "<group>"; };
		C993E30C1728E48B00C37DB8 /* navBarBackground@2x.png */ = {isa = PBXFileReference; lastKnownFileType = image.png; path = "navBarBackground@2x.png"; sourceTree = "<group>"; };
		C99E2E7F171A896C001AE786 /* FNCreateTeamVC.h */ = {isa = PBXFileReference; fileEncoding = 4; lastKnownFileType = sourcecode.c.h; path = FNCreateTeamVC.h; sourceTree = "<group>"; };
		C99E2E80171A896C001AE786 /* FNCreateTeamVC.m */ = {isa = PBXFileReference; fileEncoding = 4; lastKnownFileType = sourcecode.c.objc; path = FNCreateTeamVC.m; sourceTree = "<group>"; };
		C9B40EE5171A1CC100619D57 /* FNNewGameVC.h */ = {isa = PBXFileReference; fileEncoding = 4; lastKnownFileType = sourcecode.c.h; path = FNNewGameVC.h; sourceTree = "<group>"; };
		C9B40EE6171A1CC100619D57 /* FNNewGameVC.m */ = {isa = PBXFileReference; fileEncoding = 4; lastKnownFileType = sourcecode.c.objc; path = FNNewGameVC.m; sourceTree = "<group>"; };
		C9E353B1171B5750003061D3 /* FNOrderTeamsVC.h */ = {isa = PBXFileReference; fileEncoding = 4; lastKnownFileType = sourcecode.c.h; path = FNOrderTeamsVC.h; sourceTree = "<group>"; };
		C9E353B2171B5750003061D3 /* FNOrderTeamsVC.m */ = {isa = PBXFileReference; fileEncoding = 4; lastKnownFileType = sourcecode.c.objc; path = FNOrderTeamsVC.m; sourceTree = "<group>"; };
		C9F04F09171A257600AAAF75 /* FNCreatePlayerVC.h */ = {isa = PBXFileReference; fileEncoding = 4; lastKnownFileType = sourcecode.c.h; path = FNCreatePlayerVC.h; sourceTree = "<group>"; };
		C9F04F0A171A257600AAAF75 /* FNCreatePlayerVC.m */ = {isa = PBXFileReference; fileEncoding = 4; lastKnownFileType = sourcecode.c.objc; path = FNCreatePlayerVC.m; sourceTree = "<group>"; };
		C9F04F11171A282F00AAAF75 /* FNEditableCell.h */ = {isa = PBXFileReference; fileEncoding = 4; lastKnownFileType = sourcecode.c.h; path = FNEditableCell.h; sourceTree = "<group>"; };
		C9F04F12171A282F00AAAF75 /* FNEditableCell.m */ = {isa = PBXFileReference; fileEncoding = 4; lastKnownFileType = sourcecode.c.objc; path = FNEditableCell.m; sourceTree = "<group>"; };
		C9F04F1B171A441100AAAF75 /* FNInfoFromModal.h */ = {isa = PBXFileReference; fileEncoding = 4; lastKnownFileType = sourcecode.c.h; path = FNInfoFromModal.h; sourceTree = "<group>"; };
		C9F04F1D171A5FD000AAAF75 /* FNAssignTeamsVC.h */ = {isa = PBXFileReference; fileEncoding = 4; lastKnownFileType = sourcecode.c.h; path = FNAssignTeamsVC.h; sourceTree = "<group>"; };
		C9F04F1E171A5FD000AAAF75 /* FNAssignTeamsVC.m */ = {isa = PBXFileReference; fileEncoding = 4; lastKnownFileType = sourcecode.c.objc; path = FNAssignTeamsVC.m; sourceTree = "<group>"; };
		C9F04F21171A69EA00AAAF75 /* FNTeam.h */ = {isa = PBXFileReference; fileEncoding = 4; lastKnownFileType = sourcecode.c.h; path = FNTeam.h; sourceTree = "<group>"; };
		C9F04F22171A69EA00AAAF75 /* FNTeam.m */ = {isa = PBXFileReference; fileEncoding = 4; lastKnownFileType = sourcecode.c.objc; path = FNTeam.m; sourceTree = "<group>"; };
		C9F04F25171A72B600AAAF75 /* FNSelectTeamVC.h */ = {isa = PBXFileReference; fileEncoding = 4; lastKnownFileType = sourcecode.c.h; path = FNSelectTeamVC.h; sourceTree = "<group>"; };
		C9F04F26171A72B600AAAF75 /* FNSelectTeamVC.m */ = {isa = PBXFileReference; fileEncoding = 4; lastKnownFileType = sourcecode.c.objc; path = FNSelectTeamVC.m; sourceTree = "<group>"; };
/* End PBXFileReference section */

/* Begin PBXFrameworksBuildPhase section */
		C9649E391718B7390039B88E /* Frameworks */ = {
			isa = PBXFrameworksBuildPhase;
			buildActionMask = 2147483647;
			files = (
				C9649E411718B7390039B88E /* UIKit.framework in Frameworks */,
				C9649E431718B7390039B88E /* Foundation.framework in Frameworks */,
				C9649E451718B7390039B88E /* CoreGraphics.framework in Frameworks */,
			);
			runOnlyForDeploymentPostprocessing = 0;
		};
		C9649E5F1718B7390039B88E /* Frameworks */ = {
			isa = PBXFrameworksBuildPhase;
			buildActionMask = 2147483647;
			files = (
				C9649E651718B7390039B88E /* SenTestingKit.framework in Frameworks */,
				C9649E661718B7390039B88E /* UIKit.framework in Frameworks */,
				C9649E671718B7390039B88E /* Foundation.framework in Frameworks */,
			);
			runOnlyForDeploymentPostprocessing = 0;
		};
/* End PBXFrameworksBuildPhase section */

/* Begin PBXGroup section */
		C91B8D9D171A1E8B00AE468C /* View Controllers */ = {
			isa = PBXGroup;
			children = (
				C993E3071728DD8000C37DB8 /* FNTableViewController.h */,
				C993E3081728DD8000C37DB8 /* FNTableViewController.m */,
				C9B40EE5171A1CC100619D57 /* FNNewGameVC.h */,
				C9B40EE6171A1CC100619D57 /* FNNewGameVC.m */,
				C91B8D9E171A1F2600AE468C /* FNAddPlayersVC.h */,
				C91B8D9F171A1F2600AE468C /* FNAddPlayersVC.m */,
				C9F04F09171A257600AAAF75 /* FNCreatePlayerVC.h */,
				C9F04F0A171A257600AAAF75 /* FNCreatePlayerVC.m */,
				C9F04F1D171A5FD000AAAF75 /* FNAssignTeamsVC.h */,
				C9F04F1E171A5FD000AAAF75 /* FNAssignTeamsVC.m */,
				C9F04F25171A72B600AAAF75 /* FNSelectTeamVC.h */,
				C9F04F26171A72B600AAAF75 /* FNSelectTeamVC.m */,
				C99E2E7F171A896C001AE786 /* FNCreateTeamVC.h */,
				C99E2E80171A896C001AE786 /* FNCreateTeamVC.m */,
				C9E353B1171B5750003061D3 /* FNOrderTeamsVC.h */,
				C9E353B2171B5750003061D3 /* FNOrderTeamsVC.m */,
			);
			name = "View Controllers";
			sourceTree = "<group>";
		};
		C9649E311718B7390039B88E = {
			isa = PBXGroup;
			children = (
				C9649E461718B7390039B88E /* Five Nouns */,
				C9649E6A1718B7390039B88E /* Five NounsTests */,
				C9649E3F1718B7390039B88E /* Frameworks */,
				C9649E3D1718B7390039B88E /* Products */,
			);
			sourceTree = "<group>";
		};
		C9649E3D1718B7390039B88E /* Products */ = {
			isa = PBXGroup;
			children = (
				C9649E3C1718B7390039B88E /* Five Nouns.app */,
				C9649E631718B7390039B88E /* Five NounsTests.octest */,
			);
			name = Products;
			sourceTree = "<group>";
		};
		C9649E3F1718B7390039B88E /* Frameworks */ = {
			isa = PBXGroup;
			children = (
				C9649E401718B7390039B88E /* UIKit.framework */,
				C9649E421718B7390039B88E /* Foundation.framework */,
				C9649E441718B7390039B88E /* CoreGraphics.framework */,
				C9649E641718B7390039B88E /* SenTestingKit.framework */,
			);
			name = Frameworks;
			sourceTree = "<group>";
		};
		C9649E461718B7390039B88E /* Five Nouns */ = {
			isa = PBXGroup;
			children = (
				C9649E4F1718B7390039B88E /* FNAppDelegate.h */,
				C9649E501718B7390039B88E /* FNAppDelegate.m */,
				C9649E581718B7390039B88E /* MainStoryboard.storyboard */,
				C993E3031728DC0A00C37DB8 /* FNAppearance.h */,
				C993E3041728DC0A00C37DB8 /* FNAppearance.m */,
				C99279E1171932510035658F /* FNBrain.h */,
				C99279E2171932510035658F /* FNBrain.m */,
				C9F04F1B171A441100AAAF75 /* FNInfoFromModal.h */,
				C993E2F11728C4F700C37DB8 /* Buttons */,
				C9F04F16171A283500AAAF75 /* Table View Cells */,
				C91B8D9D171A1E8B00AE468C /* View Controllers */,
				C99279DC17192F180035658F /* FNGameManager.h */,
				C99279DD17192F180035658F /* FNGameManager.m */,
				C99279E517193AAD0035658F /* FNPlayer.h */,
				C99279E617193AAD0035658F /* FNPlayer.m */,
				C9F04F21171A69EA00AAAF75 /* FNTeam.h */,
				C9F04F22171A69EA00AAAF75 /* FNTeam.m */,
				C99279E917193C780035658F /* FNScoreCard.h */,
				C99279EA17193C780035658F /* FNScoreCard.m */,
				C9772D031719FE01005E0130 /* FNCountDownTimer.h */,
				C9772D041719FE01005E0130 /* FNCountDownTimer.m */,
				C9649E471718B7390039B88E /* Supporting Files */,
			);
			path = "Five Nouns";
			sourceTree = "<group>";
		};
		C9649E471718B7390039B88E /* Supporting Files */ = {
			isa = PBXGroup;
			children = (
				C993E2F81728C6B100C37DB8 /* Assets */,
				C9649E481718B7390039B88E /* Five Nouns-Info.plist */,
				C9649E491718B7390039B88E /* InfoPlist.strings */,
				C9649E4C1718B7390039B88E /* main.m */,
				C9649E4E1718B7390039B88E /* Five Nouns-Prefix.pch */,
				C9649E521718B7390039B88E /* Default.png */,
				C9649E541718B7390039B88E /* Default@2x.png */,
				C9649E561718B7390039B88E /* Default-568h@2x.png */,
			);
			name = "Supporting Files";
			sourceTree = "<group>";
		};
		C9649E6A1718B7390039B88E /* Five NounsTests */ = {
			isa = PBXGroup;
			children = (
				C9649E701718B7390039B88E /* Five_NounsTests.h */,
				C9649E711718B7390039B88E /* Five_NounsTests.m */,
				C9649E6B1718B7390039B88E /* Supporting Files */,
			);
			path = "Five NounsTests";
			sourceTree = "<group>";
		};
		C9649E6B1718B7390039B88E /* Supporting Files */ = {
			isa = PBXGroup;
			children = (
				C9649E6C1718B7390039B88E /* Five NounsTests-Info.plist */,
				C9649E6D1718B7390039B88E /* InfoPlist.strings */,
			);
			name = "Supporting Files";
			sourceTree = "<group>";
		};
		C993E2F11728C4F700C37DB8 /* Buttons */ = {
			isa = PBXGroup;
			children = (
				C993E2EC1728C4F000C37DB8 /* FNButtonRect.h */,
				C993E2ED1728C4F000C37DB8 /* FNButtonRect.m */,
			);
			name = Buttons;
			sourceTree = "<group>";
		};
		C993E2F81728C6B100C37DB8 /* Assets */ = {
			isa = PBXGroup;
			children = (
				C993E30B1728E48B00C37DB8 /* navBarBackground.png */,
				C993E30C1728E48B00C37DB8 /* navBarBackground@2x.png */,
				C993E2F21728C6A800C37DB8 /* buttonRect.png */,
				C993E2F31728C6A800C37DB8 /* buttonRect@2x.png */,
			);
			name = Assets;
			sourceTree = "<group>";
		};
		C9F04F16171A283500AAAF75 /* Table View Cells */ = {
			isa = PBXGroup;
			children = (
				C9F04F11171A282F00AAAF75 /* FNEditableCell.h */,
				C9F04F12171A282F00AAAF75 /* FNEditableCell.m */,
			);
			name = "Table View Cells";
			sourceTree = "<group>";
		};
/* End PBXGroup section */

/* Begin PBXNativeTarget section */
		C9649E3B1718B7390039B88E /* Five Nouns */ = {
			isa = PBXNativeTarget;
			buildConfigurationList = C9649E751718B7390039B88E /* Build configuration list for PBXNativeTarget "Five Nouns" */;
			buildPhases = (
				C9649E381718B7390039B88E /* Sources */,
				C9649E391718B7390039B88E /* Frameworks */,
				C9649E3A1718B7390039B88E /* Resources */,
			);
			buildRules = (
			);
			dependencies = (
			);
			name = "Five Nouns";
			productName = "Five Nouns";
			productReference = C9649E3C1718B7390039B88E /* Five Nouns.app */;
			productType = "com.apple.product-type.application";
		};
		C9649E621718B7390039B88E /* Five NounsTests */ = {
			isa = PBXNativeTarget;
			buildConfigurationList = C9649E781718B7390039B88E /* Build configuration list for PBXNativeTarget "Five NounsTests" */;
			buildPhases = (
				C9649E5E1718B7390039B88E /* Sources */,
				C9649E5F1718B7390039B88E /* Frameworks */,
				C9649E601718B7390039B88E /* Resources */,
				C9649E611718B7390039B88E /* ShellScript */,
			);
			buildRules = (
			);
			dependencies = (
				C9649E691718B7390039B88E /* PBXTargetDependency */,
			);
			name = "Five NounsTests";
			productName = "Five NounsTests";
			productReference = C9649E631718B7390039B88E /* Five NounsTests.octest */;
			productType = "com.apple.product-type.bundle";
		};
/* End PBXNativeTarget section */

/* Begin PBXProject section */
		C9649E331718B7390039B88E /* Project object */ = {
			isa = PBXProject;
			attributes = {
				CLASSPREFIX = FN;
				LastUpgradeCheck = 0450;
				ORGANIZATIONNAME = "Matthew Edmonds";
			};
			buildConfigurationList = C9649E361718B7390039B88E /* Build configuration list for PBXProject "Five Nouns" */;
			compatibilityVersion = "Xcode 3.2";
			developmentRegion = English;
			hasScannedForEncodings = 0;
			knownRegions = (
				en,
			);
			mainGroup = C9649E311718B7390039B88E;
			productRefGroup = C9649E3D1718B7390039B88E /* Products */;
			projectDirPath = "";
			projectRoot = "";
			targets = (
				C9649E3B1718B7390039B88E /* Five Nouns */,
				C9649E621718B7390039B88E /* Five NounsTests */,
			);
		};
/* End PBXProject section */

/* Begin PBXResourcesBuildPhase section */
		C9649E3A1718B7390039B88E /* Resources */ = {
			isa = PBXResourcesBuildPhase;
			buildActionMask = 2147483647;
			files = (
				C9649E4B1718B7390039B88E /* InfoPlist.strings in Resources */,
				C9649E531718B7390039B88E /* Default.png in Resources */,
				C9649E551718B7390039B88E /* Default@2x.png in Resources */,
				C9649E571718B7390039B88E /* Default-568h@2x.png in Resources */,
				C9649E5A1718B7390039B88E /* MainStoryboard.storyboard in Resources */,
				C993E2F41728C6A800C37DB8 /* buttonRect.png in Resources */,
				C993E2F61728C6A800C37DB8 /* buttonRect@2x.png in Resources */,
				C993E30D1728E48B00C37DB8 /* navBarBackground.png in Resources */,
				C993E30F1728E48B00C37DB8 /* navBarBackground@2x.png in Resources */,
			);
			runOnlyForDeploymentPostprocessing = 0;
		};
		C9649E601718B7390039B88E /* Resources */ = {
			isa = PBXResourcesBuildPhase;
			buildActionMask = 2147483647;
			files = (
				C9649E6F1718B7390039B88E /* InfoPlist.strings in Resources */,
				C993E2F51728C6A800C37DB8 /* buttonRect.png in Resources */,
				C993E2F71728C6A800C37DB8 /* buttonRect@2x.png in Resources */,
				C993E30E1728E48B00C37DB8 /* navBarBackground.png in Resources */,
				C993E3101728E48B00C37DB8 /* navBarBackground@2x.png in Resources */,
			);
			runOnlyForDeploymentPostprocessing = 0;
		};
/* End PBXResourcesBuildPhase section */

/* Begin PBXShellScriptBuildPhase section */
		C9649E611718B7390039B88E /* ShellScript */ = {
			isa = PBXShellScriptBuildPhase;
			buildActionMask = 2147483647;
			files = (
			);
			inputPaths = (
			);
			outputPaths = (
			);
			runOnlyForDeploymentPostprocessing = 0;
			shellPath = /bin/sh;
			shellScript = "# Run the unit tests in this test bundle.\n\"${SYSTEM_DEVELOPER_DIR}/Tools/RunUnitTests\"\n";
		};
/* End PBXShellScriptBuildPhase section */

/* Begin PBXSourcesBuildPhase section */
		C9649E381718B7390039B88E /* Sources */ = {
			isa = PBXSourcesBuildPhase;
			buildActionMask = 2147483647;
			files = (
				C9649E4D1718B7390039B88E /* main.m in Sources */,
				C9649E511718B7390039B88E /* FNAppDelegate.m in Sources */,
				C99279DE17192F180035658F /* FNGameManager.m in Sources */,
				C99279E3171932510035658F /* FNBrain.m in Sources */,
				C99279E717193AAD0035658F /* FNPlayer.m in Sources */,
				C99279EB17193C780035658F /* FNScoreCard.m in Sources */,
				C9772D051719FE01005E0130 /* FNCountDownTimer.m in Sources */,
				C9B40EE7171A1CC100619D57 /* FNNewGameVC.m in Sources */,
				C91B8DA0171A1F2600AE468C /* FNAddPlayersVC.m in Sources */,
				C9F04F0B171A257600AAAF75 /* FNCreatePlayerVC.m in Sources */,
				C9F04F13171A282F00AAAF75 /* FNEditableCell.m in Sources */,
				C9F04F1F171A5FD000AAAF75 /* FNAssignTeamsVC.m in Sources */,
				C9F04F23171A69EA00AAAF75 /* FNTeam.m in Sources */,
				C9F04F27171A72B600AAAF75 /* FNSelectTeamVC.m in Sources */,
				C99E2E81171A896C001AE786 /* FNCreateTeamVC.m in Sources */,
				C9E353B3171B5750003061D3 /* FNOrderTeamsVC.m in Sources */,
				C993E2EE1728C4F000C37DB8 /* FNButtonRect.m in Sources */,
				C993E3051728DC0A00C37DB8 /* FNAppearance.m in Sources */,
				C993E3091728DD8000C37DB8 /* FNTableViewController.m in Sources */,
			);
			runOnlyForDeploymentPostprocessing = 0;
		};
		C9649E5E1718B7390039B88E /* Sources */ = {
			isa = PBXSourcesBuildPhase;
			buildActionMask = 2147483647;
			files = (
				C9649E721718B7390039B88E /* Five_NounsTests.m in Sources */,
				C99279DF17192F180035658F /* FNGameManager.m in Sources */,
				C99279E4171932510035658F /* FNBrain.m in Sources */,
				C99279E817193AAD0035658F /* FNPlayer.m in Sources */,
				C99279EC17193C780035658F /* FNScoreCard.m in Sources */,
				C9772D061719FE01005E0130 /* FNCountDownTimer.m in Sources */,
				C9B40EE8171A1CC100619D57 /* FNNewGameVC.m in Sources */,
				C91B8DA1171A1F2600AE468C /* FNAddPlayersVC.m in Sources */,
				C9F04F0C171A257600AAAF75 /* FNCreatePlayerVC.m in Sources */,
				C9F04F14171A282F00AAAF75 /* FNEditableCell.m in Sources */,
				C9F04F20171A5FD000AAAF75 /* FNAssignTeamsVC.m in Sources */,
				C9F04F24171A69EA00AAAF75 /* FNTeam.m in Sources */,
				C9F04F28171A72B600AAAF75 /* FNSelectTeamVC.m in Sources */,
				C99E2E82171A896C001AE786 /* FNCreateTeamVC.m in Sources */,
				C9E353B4171B5750003061D3 /* FNOrderTeamsVC.m in Sources */,
				C993E2EF1728C4F000C37DB8 /* FNButtonRect.m in Sources */,
				C993E3061728DC0A00C37DB8 /* FNAppearance.m in Sources */,
				C993E30A1728DD8000C37DB8 /* FNTableViewController.m in Sources */,
			);
			runOnlyForDeploymentPostprocessing = 0;
		};
/* End PBXSourcesBuildPhase section */

/* Begin PBXTargetDependency section */
		C9649E691718B7390039B88E /* PBXTargetDependency */ = {
			isa = PBXTargetDependency;
			target = C9649E3B1718B7390039B88E /* Five Nouns */;
			targetProxy = C9649E681718B7390039B88E /* PBXContainerItemProxy */;
		};
/* End PBXTargetDependency section */

/* Begin PBXVariantGroup section */
		C9649E491718B7390039B88E /* InfoPlist.strings */ = {
			isa = PBXVariantGroup;
			children = (
				C9649E4A1718B7390039B88E /* en */,
			);
			name = InfoPlist.strings;
			sourceTree = "<group>";
		};
		C9649E581718B7390039B88E /* MainStoryboard.storyboard */ = {
			isa = PBXVariantGroup;
			children = (
				C9649E591718B7390039B88E /* en */,
			);
			name = MainStoryboard.storyboard;
			sourceTree = "<group>";
		};
		C9649E6D1718B7390039B88E /* InfoPlist.strings */ = {
			isa = PBXVariantGroup;
			children = (
				C9649E6E1718B7390039B88E /* en */,
			);
			name = InfoPlist.strings;
			sourceTree = "<group>";
		};
/* End PBXVariantGroup section */

/* Begin XCBuildConfiguration section */
		C9649E731718B7390039B88E /* Debug */ = {
			isa = XCBuildConfiguration;
			buildSettings = {
				ALWAYS_SEARCH_USER_PATHS = NO;
				CLANG_CXX_LANGUAGE_STANDARD = "gnu++0x";
				CLANG_CXX_LIBRARY = "libc++";
				CLANG_ENABLE_OBJC_ARC = YES;
				CLANG_WARN_EMPTY_BODY = YES;
				CLANG_WARN__DUPLICATE_METHOD_MATCH = YES;
				"CODE_SIGN_IDENTITY[sdk=iphoneos*]" = "iPhone Developer";
				COPY_PHASE_STRIP = NO;
				GCC_C_LANGUAGE_STANDARD = gnu99;
				GCC_DYNAMIC_NO_PIC = NO;
				GCC_OPTIMIZATION_LEVEL = 0;
				GCC_PREPROCESSOR_DEFINITIONS = (
					"DEBUG=1",
					"$(inherited)",
				);
				GCC_SYMBOLS_PRIVATE_EXTERN = NO;
				GCC_WARN_ABOUT_RETURN_TYPE = YES;
				GCC_WARN_UNINITIALIZED_AUTOS = YES;
				GCC_WARN_UNUSED_VARIABLE = YES;
				IPHONEOS_DEPLOYMENT_TARGET = 6.0;
				ONLY_ACTIVE_ARCH = YES;
				SDKROOT = iphoneos;
			};
			name = Debug;
		};
		C9649E741718B7390039B88E /* Release */ = {
			isa = XCBuildConfiguration;
			buildSettings = {
				ALWAYS_SEARCH_USER_PATHS = NO;
				CLANG_CXX_LANGUAGE_STANDARD = "gnu++0x";
				CLANG_CXX_LIBRARY = "libc++";
				CLANG_ENABLE_OBJC_ARC = YES;
				CLANG_WARN_EMPTY_BODY = YES;
				CLANG_WARN__DUPLICATE_METHOD_MATCH = YES;
				"CODE_SIGN_IDENTITY[sdk=iphoneos*]" = "iPhone Developer";
				COPY_PHASE_STRIP = YES;
				GCC_C_LANGUAGE_STANDARD = gnu99;
				GCC_WARN_ABOUT_RETURN_TYPE = YES;
				GCC_WARN_UNINITIALIZED_AUTOS = YES;
				GCC_WARN_UNUSED_VARIABLE = YES;
				IPHONEOS_DEPLOYMENT_TARGET = 6.0;
				OTHER_CFLAGS = "-DNS_BLOCK_ASSERTIONS=1";
				SDKROOT = iphoneos;
				VALIDATE_PRODUCT = YES;
			};
			name = Release;
		};
		C9649E761718B7390039B88E /* Debug */ = {
			isa = XCBuildConfiguration;
			buildSettings = {
				GCC_PRECOMPILE_PREFIX_HEADER = YES;
				GCC_PREFIX_HEADER = "Five Nouns/Five Nouns-Prefix.pch";
				INFOPLIST_FILE = "Five Nouns/Five Nouns-Info.plist";
				PRODUCT_NAME = "$(TARGET_NAME)";
				WRAPPER_EXTENSION = app;
			};
			name = Debug;
		};
		C9649E771718B7390039B88E /* Release */ = {
			isa = XCBuildConfiguration;
			buildSettings = {
				GCC_PRECOMPILE_PREFIX_HEADER = YES;
				GCC_PREFIX_HEADER = "Five Nouns/Five Nouns-Prefix.pch";
				INFOPLIST_FILE = "Five Nouns/Five Nouns-Info.plist";
				PRODUCT_NAME = "$(TARGET_NAME)";
				WRAPPER_EXTENSION = app;
			};
			name = Release;
		};
		C9649E791718B7390039B88E /* Debug */ = {
			isa = XCBuildConfiguration;
			buildSettings = {
				BUNDLE_LOADER = "$(BUILT_PRODUCTS_DIR)/Five Nouns.app/Five Nouns";
				FRAMEWORK_SEARCH_PATHS = (
					"\"$(SDKROOT)/Developer/Library/Frameworks\"",
					"\"$(DEVELOPER_LIBRARY_DIR)/Frameworks\"",
				);
				GCC_PRECOMPILE_PREFIX_HEADER = YES;
				GCC_PREFIX_HEADER = "Five Nouns/Five Nouns-Prefix.pch";
				INFOPLIST_FILE = "Five NounsTests/Five NounsTests-Info.plist";
				PRODUCT_NAME = "$(TARGET_NAME)";
				TEST_HOST = "$(BUNDLE_LOADER)";
				WRAPPER_EXTENSION = octest;
			};
			name = Debug;
		};
		C9649E7A1718B7390039B88E /* Release */ = {
			isa = XCBuildConfiguration;
			buildSettings = {
				BUNDLE_LOADER = "$(BUILT_PRODUCTS_DIR)/Five Nouns.app/Five Nouns";
				FRAMEWORK_SEARCH_PATHS = (
					"\"$(SDKROOT)/Developer/Library/Frameworks\"",
					"\"$(DEVELOPER_LIBRARY_DIR)/Frameworks\"",
				);
				GCC_PRECOMPILE_PREFIX_HEADER = YES;
				GCC_PREFIX_HEADER = "Five Nouns/Five Nouns-Prefix.pch";
				INFOPLIST_FILE = "Five NounsTests/Five NounsTests-Info.plist";
				PRODUCT_NAME = "$(TARGET_NAME)";
				TEST_HOST = "$(BUNDLE_LOADER)";
				WRAPPER_EXTENSION = octest;
			};
			name = Release;
		};
/* End XCBuildConfiguration section */

/* Begin XCConfigurationList section */
		C9649E361718B7390039B88E /* Build configuration list for PBXProject "Five Nouns" */ = {
			isa = XCConfigurationList;
			buildConfigurations = (
				C9649E731718B7390039B88E /* Debug */,
				C9649E741718B7390039B88E /* Release */,
			);
			defaultConfigurationIsVisible = 0;
			defaultConfigurationName = Release;
		};
		C9649E751718B7390039B88E /* Build configuration list for PBXNativeTarget "Five Nouns" */ = {
			isa = XCConfigurationList;
			buildConfigurations = (
				C9649E761718B7390039B88E /* Debug */,
				C9649E771718B7390039B88E /* Release */,
			);
			defaultConfigurationIsVisible = 0;
			defaultConfigurationName = Release;
		};
		C9649E781718B7390039B88E /* Build configuration list for PBXNativeTarget "Five NounsTests" */ = {
			isa = XCConfigurationList;
			buildConfigurations = (
				C9649E791718B7390039B88E /* Debug */,
				C9649E7A1718B7390039B88E /* Release */,
			);
			defaultConfigurationIsVisible = 0;
			defaultConfigurationName = Release;
		};
/* End XCConfigurationList section */
	};
	rootObject = C9649E331718B7390039B88E /* Project object */;
}
