// !$*UTF8*$!
{
	archiveVersion = 1;
	classes = {
	};
	objectVersion = 46;
	objects = {

/* Begin PBXBuildFile section */
		A19426C3174DAC5500056345 /* cellBackDarkNone.png in Resources */ = {isa = PBXBuildFile; fileRef = A19426C1174DAC5500056345 /* cellBackDarkNone.png */; };
		A19426C4174DAC5500056345 /* cellBackDarkNone@2x.png in Resources */ = {isa = PBXBuildFile; fileRef = A19426C2174DAC5500056345 /* cellBackDarkNone@2x.png */; };
		A19426C7174DAEC200056345 /* reorderControl.png in Resources */ = {isa = PBXBuildFile; fileRef = A19426C5174DAEC200056345 /* reorderControl.png */; };
		A19426C8174DAEC200056345 /* reorderControl@2x.png in Resources */ = {isa = PBXBuildFile; fileRef = A19426C6174DAEC200056345 /* reorderControl@2x.png */; };
		A19426CB174DC43F00056345 /* FNNextUpVC.m in Sources */ = {isa = PBXBuildFile; fileRef = A19426CA174DC43F00056345 /* FNNextUpVC.m */; };
		A19426CC174DC43F00056345 /* FNNextUpVC.m in Sources */ = {isa = PBXBuildFile; fileRef = A19426CA174DC43F00056345 /* FNNextUpVC.m */; };
		C914EA46177BEEB500255E41 /* FNTVScoreDelegate.m in Sources */ = {isa = PBXBuildFile; fileRef = C914EA45177BEEB500255E41 /* FNTVScoreDelegate.m */; };
		C914EA47177BEEB500255E41 /* FNTVScoreDelegate.m in Sources */ = {isa = PBXBuildFile; fileRef = C914EA45177BEEB500255E41 /* FNTVScoreDelegate.m */; };
		C91B8DA0171A1F2600AE468C /* FNAddPlayersVC.m in Sources */ = {isa = PBXBuildFile; fileRef = C91B8D9F171A1F2600AE468C /* FNAddPlayersVC.m */; };
		C91B8DA1171A1F2600AE468C /* FNAddPlayersVC.m in Sources */ = {isa = PBXBuildFile; fileRef = C91B8D9F171A1F2600AE468C /* FNAddPlayersVC.m */; };
		C93DD955172F521C0058CC14 /* cellBackDarkMiddle.png in Resources */ = {isa = PBXBuildFile; fileRef = C93DD951172F521C0058CC14 /* cellBackDarkMiddle.png */; };
		C93DD956172F521C0058CC14 /* cellBackDarkMiddle@2x.png in Resources */ = {isa = PBXBuildFile; fileRef = C93DD952172F521C0058CC14 /* cellBackDarkMiddle@2x.png */; };
		C93DD957172F521C0058CC14 /* cellBackDarkBottom.png in Resources */ = {isa = PBXBuildFile; fileRef = C93DD953172F521C0058CC14 /* cellBackDarkBottom.png */; };
		C93DD958172F521C0058CC14 /* cellBackDarkBottom@2x.png in Resources */ = {isa = PBXBuildFile; fileRef = C93DD954172F521C0058CC14 /* cellBackDarkBottom@2x.png */; };
		C93DD95B172F52B10058CC14 /* cellBackButtonTop.png in Resources */ = {isa = PBXBuildFile; fileRef = C93DD959172F52B10058CC14 /* cellBackButtonTop.png */; };
		C93DD95C172F52B10058CC14 /* cellBackButtonTop@2x.png in Resources */ = {isa = PBXBuildFile; fileRef = C93DD95A172F52B10058CC14 /* cellBackButtonTop@2x.png */; };
		C95DD934177D20B0009EF626 /* FNTVDirectionsDelegate.m in Sources */ = {isa = PBXBuildFile; fileRef = C95DD933177D20B0009EF626 /* FNTVDirectionsDelegate.m */; };
		C95DD935177D20B0009EF626 /* FNTVDirectionsDelegate.m in Sources */ = {isa = PBXBuildFile; fileRef = C95DD933177D20B0009EF626 /* FNTVDirectionsDelegate.m */; };
		C9649E411718B7390039B88E /* UIKit.framework in Frameworks */ = {isa = PBXBuildFile; fileRef = C9649E401718B7390039B88E /* UIKit.framework */; };
		C9649E431718B7390039B88E /* Foundation.framework in Frameworks */ = {isa = PBXBuildFile; fileRef = C9649E421718B7390039B88E /* Foundation.framework */; };
		C9649E4B1718B7390039B88E /* InfoPlist.strings in Resources */ = {isa = PBXBuildFile; fileRef = C9649E491718B7390039B88E /* InfoPlist.strings */; };
		C9649E4D1718B7390039B88E /* main.m in Sources */ = {isa = PBXBuildFile; fileRef = C9649E4C1718B7390039B88E /* main.m */; };
		C9649E511718B7390039B88E /* FNAppDelegate.m in Sources */ = {isa = PBXBuildFile; fileRef = C9649E501718B7390039B88E /* FNAppDelegate.m */; };
		C9649E531718B7390039B88E /* Default.png in Resources */ = {isa = PBXBuildFile; fileRef = C9649E521718B7390039B88E /* Default.png */; };
		C9649E551718B7390039B88E /* Default@2x.png in Resources */ = {isa = PBXBuildFile; fileRef = C9649E541718B7390039B88E /* Default@2x.png */; };
		C9649E571718B7390039B88E /* Default-568h@2x.png in Resources */ = {isa = PBXBuildFile; fileRef = C9649E561718B7390039B88E /* Default-568h@2x.png */; };
		C9649E5A1718B7390039B88E /* MainStoryboard.storyboard in Resources */ = {isa = PBXBuildFile; fileRef = C9649E581718B7390039B88E /* MainStoryboard.storyboard */; };
		C9649E651718B7390039B88E /* SenTestingKit.framework in Frameworks */ = {isa = PBXBuildFile; fileRef = C9649E641718B7390039B88E /* SenTestingKit.framework */; };
		C9649E661718B7390039B88E /* UIKit.framework in Frameworks */ = {isa = PBXBuildFile; fileRef = C9649E401718B7390039B88E /* UIKit.framework */; };
		C9649E671718B7390039B88E /* Foundation.framework in Frameworks */ = {isa = PBXBuildFile; fileRef = C9649E421718B7390039B88E /* Foundation.framework */; };
		C9649E6F1718B7390039B88E /* InfoPlist.strings in Resources */ = {isa = PBXBuildFile; fileRef = C9649E6D1718B7390039B88E /* InfoPlist.strings */; };
		C9649E721718B7390039B88E /* Five_NounsTests.m in Sources */ = {isa = PBXBuildFile; fileRef = C9649E711718B7390039B88E /* Five_NounsTests.m */; };
		C97F673E1743131D00D5E9BC /* FMMoveTableView.m in Sources */ = {isa = PBXBuildFile; fileRef = C97F673D1743131D00D5E9BC /* FMMoveTableView.m */; };
		C97F673F1743131D00D5E9BC /* FMMoveTableView.m in Sources */ = {isa = PBXBuildFile; fileRef = C97F673D1743131D00D5E9BC /* FMMoveTableView.m */; };
		C97FC963173E13CA0086387F /* checkmarkUserSelected.png in Resources */ = {isa = PBXBuildFile; fileRef = C97FC95F173E13CA0086387F /* checkmarkUserSelected.png */; };
		C97FC964173E13CA0086387F /* checkmarkUserSelected@2x.png in Resources */ = {isa = PBXBuildFile; fileRef = C97FC960173E13CA0086387F /* checkmarkUserSelected@2x.png */; };
		C97FC965173E13CA0086387F /* checkmarkGameSelected.png in Resources */ = {isa = PBXBuildFile; fileRef = C97FC961173E13CA0086387F /* checkmarkGameSelected.png */; };
		C97FC966173E13CA0086387F /* checkmarkGameSelected@2x.png in Resources */ = {isa = PBXBuildFile; fileRef = C97FC962173E13CA0086387F /* checkmarkGameSelected@2x.png */; };
		C99279E3171932510035658F /* FNBrain.m in Sources */ = {isa = PBXBuildFile; fileRef = C99279E2171932510035658F /* FNBrain.m */; };
		C99279E4171932510035658F /* FNBrain.m in Sources */ = {isa = PBXBuildFile; fileRef = C99279E2171932510035658F /* FNBrain.m */; };
		C99279E717193AAD0035658F /* FNPlayer.m in Sources */ = {isa = PBXBuildFile; fileRef = C99279E617193AAD0035658F /* FNPlayer.m */; };
		C99279E817193AAD0035658F /* FNPlayer.m in Sources */ = {isa = PBXBuildFile; fileRef = C99279E617193AAD0035658F /* FNPlayer.m */; };
		C99279EB17193C780035658F /* FNScoreCard.m in Sources */ = {isa = PBXBuildFile; fileRef = C99279EA17193C780035658F /* FNScoreCard.m */; };
		C99279EC17193C780035658F /* FNScoreCard.m in Sources */ = {isa = PBXBuildFile; fileRef = C99279EA17193C780035658F /* FNScoreCard.m */; };
		C993A0D9172F8EA200B1983A /* textFieldBack.png in Resources */ = {isa = PBXBuildFile; fileRef = C993A0D7172F8EA200B1983A /* textFieldBack.png */; };
		C993A0DA172F8EA200B1983A /* textFieldBack@2x.png in Resources */ = {isa = PBXBuildFile; fileRef = C993A0D8172F8EA200B1983A /* textFieldBack@2x.png */; };
		C993E2EE1728C4F000C37DB8 /* FNButtonRect.m in Sources */ = {isa = PBXBuildFile; fileRef = C993E2ED1728C4F000C37DB8 /* FNButtonRect.m */; };
		C993E2EF1728C4F000C37DB8 /* FNButtonRect.m in Sources */ = {isa = PBXBuildFile; fileRef = C993E2ED1728C4F000C37DB8 /* FNButtonRect.m */; };
		C993E2F41728C6A800C37DB8 /* buttonRect.png in Resources */ = {isa = PBXBuildFile; fileRef = C993E2F21728C6A800C37DB8 /* buttonRect.png */; };
		C993E2F51728C6A800C37DB8 /* buttonRect.png in Resources */ = {isa = PBXBuildFile; fileRef = C993E2F21728C6A800C37DB8 /* buttonRect.png */; };
		C993E2F61728C6A800C37DB8 /* buttonRect@2x.png in Resources */ = {isa = PBXBuildFile; fileRef = C993E2F31728C6A800C37DB8 /* buttonRect@2x.png */; };
		C993E2F71728C6A800C37DB8 /* buttonRect@2x.png in Resources */ = {isa = PBXBuildFile; fileRef = C993E2F31728C6A800C37DB8 /* buttonRect@2x.png */; };
		C993E3051728DC0A00C37DB8 /* FNAppearance.m in Sources */ = {isa = PBXBuildFile; fileRef = C993E3041728DC0A00C37DB8 /* FNAppearance.m */; };
		C993E3061728DC0A00C37DB8 /* FNAppearance.m in Sources */ = {isa = PBXBuildFile; fileRef = C993E3041728DC0A00C37DB8 /* FNAppearance.m */; };
		C993E3091728DD8000C37DB8 /* FNTableViewController.m in Sources */ = {isa = PBXBuildFile; fileRef = C993E3081728DD8000C37DB8 /* FNTableViewController.m */; };
		C993E30A1728DD8000C37DB8 /* FNTableViewController.m in Sources */ = {isa = PBXBuildFile; fileRef = C993E3081728DD8000C37DB8 /* FNTableViewController.m */; };
		C993E30D1728E48B00C37DB8 /* navBarBackground.png in Resources */ = {isa = PBXBuildFile; fileRef = C993E30B1728E48B00C37DB8 /* navBarBackground.png */; };
		C993E30E1728E48B00C37DB8 /* navBarBackground.png in Resources */ = {isa = PBXBuildFile; fileRef = C993E30B1728E48B00C37DB8 /* navBarBackground.png */; };
		C993E30F1728E48B00C37DB8 /* navBarBackground@2x.png in Resources */ = {isa = PBXBuildFile; fileRef = C993E30C1728E48B00C37DB8 /* navBarBackground@2x.png */; };
		C993E3101728E48B00C37DB8 /* navBarBackground@2x.png in Resources */ = {isa = PBXBuildFile; fileRef = C993E30C1728E48B00C37DB8 /* navBarBackground@2x.png */; };
		C99579AB172DEFA3004E46A9 /* FNButtonCell.m in Sources */ = {isa = PBXBuildFile; fileRef = C99579AA172DEFA3004E46A9 /* FNButtonCell.m */; };
		C99579C3172E042F004E46A9 /* FNPlainCell.m in Sources */ = {isa = PBXBuildFile; fileRef = C99579C2172E042F004E46A9 /* FNPlainCell.m */; };
		C99579CC172E080A004E46A9 /* cellBackButton.png in Resources */ = {isa = PBXBuildFile; fileRef = C99579C4172E080A004E46A9 /* cellBackButton.png */; };
		C99579CD172E080A004E46A9 /* cellBackButton@2x.png in Resources */ = {isa = PBXBuildFile; fileRef = C99579C5172E080A004E46A9 /* cellBackButton@2x.png */; };
		C99579D0172E080A004E46A9 /* cellBackDark.png in Resources */ = {isa = PBXBuildFile; fileRef = C99579C8172E080A004E46A9 /* cellBackDark.png */; };
		C99579D1172E080A004E46A9 /* cellBackDark@2x.png in Resources */ = {isa = PBXBuildFile; fileRef = C99579C9172E080A004E46A9 /* cellBackDark@2x.png */; };
		C99579D2172E080A004E46A9 /* cellBackPlain.png in Resources */ = {isa = PBXBuildFile; fileRef = C99579CA172E080A004E46A9 /* cellBackPlain.png */; };
		C99579D3172E080A004E46A9 /* cellBackPlain@2x.png in Resources */ = {isa = PBXBuildFile; fileRef = C99579CB172E080A004E46A9 /* cellBackPlain@2x.png */; };
		C99616CC172A30E500469B17 /* rightArrow.png in Resources */ = {isa = PBXBuildFile; fileRef = C99616C8172A30E500469B17 /* rightArrow.png */; };
		C99616CD172A30E500469B17 /* rightArrow@2x.png in Resources */ = {isa = PBXBuildFile; fileRef = C99616C9172A30E500469B17 /* rightArrow@2x.png */; };
		C99616CE172A30E500469B17 /* leftArrow.png in Resources */ = {isa = PBXBuildFile; fileRef = C99616CA172A30E500469B17 /* leftArrow.png */; };
		C99616CF172A30E500469B17 /* leftArrow@2x.png in Resources */ = {isa = PBXBuildFile; fileRef = C99616CB172A30E500469B17 /* leftArrow@2x.png */; };
		C99B62A11737152F0011611A /* FNStepperCell.m in Sources */ = {isa = PBXBuildFile; fileRef = C99B62A01737152F0011611A /* FNStepperCell.m */; };
		C99B62A21737152F0011611A /* FNStepperCell.m in Sources */ = {isa = PBXBuildFile; fileRef = C99B62A01737152F0011611A /* FNStepperCell.m */; };
		C99F2FF5176EC3E000406B2F /* FNCountdownTimer.m in Sources */ = {isa = PBXBuildFile; fileRef = C99F2FF4176EC3E000406B2F /* FNCountdownTimer.m */; };
		C99F2FF6176EC3E000406B2F /* FNCountdownTimer.m in Sources */ = {isa = PBXBuildFile; fileRef = C99F2FF4176EC3E000406B2F /* FNCountdownTimer.m */; };
		C99F9B30175BF7690012A1D4 /* FNRoundDirectionsVC.m in Sources */ = {isa = PBXBuildFile; fileRef = C99F9B2F175BF7690012A1D4 /* FNRoundDirectionsVC.m */; };
		C99F9B31175BF7690012A1D4 /* FNRoundDirectionsVC.m in Sources */ = {isa = PBXBuildFile; fileRef = C99F9B2F175BF7690012A1D4 /* FNRoundDirectionsVC.m */; };
		C99F9B35175C2CB50012A1D4 /* dismissControl.png in Resources */ = {isa = PBXBuildFile; fileRef = C99F9B33175C2CB50012A1D4 /* dismissControl.png */; };
		C99F9B36175C2CB50012A1D4 /* dismissControl.png in Resources */ = {isa = PBXBuildFile; fileRef = C99F9B33175C2CB50012A1D4 /* dismissControl.png */; };
		C99F9B37175C2CB50012A1D4 /* dismissControl@2x.png in Resources */ = {isa = PBXBuildFile; fileRef = C99F9B34175C2CB50012A1D4 /* dismissControl@2x.png */; };
		C99F9B38175C2CB50012A1D4 /* dismissControl@2x.png in Resources */ = {isa = PBXBuildFile; fileRef = C99F9B34175C2CB50012A1D4 /* dismissControl@2x.png */; };
		C9A04EA3173888700016F65F /* decrementImage.png in Resources */ = {isa = PBXBuildFile; fileRef = C9A04E9F173888700016F65F /* decrementImage.png */; };
		C9A04EA4173888700016F65F /* decrementImage@2x.png in Resources */ = {isa = PBXBuildFile; fileRef = C9A04EA0173888700016F65F /* decrementImage@2x.png */; };
		C9A04EA5173888700016F65F /* incrementImage@2x.png in Resources */ = {isa = PBXBuildFile; fileRef = C9A04EA1173888700016F65F /* incrementImage@2x.png */; };
		C9A04EA6173888700016F65F /* incrementImage.png in Resources */ = {isa = PBXBuildFile; fileRef = C9A04EA2173888700016F65F /* incrementImage.png */; };
		C9A04EAD173893D00016F65F /* stepperDivider.png in Resources */ = {isa = PBXBuildFile; fileRef = C9A04EAB173893D00016F65F /* stepperDivider.png */; };
		C9A04EAE173893D00016F65F /* stepperDivider@2x.png in Resources */ = {isa = PBXBuildFile; fileRef = C9A04EAC173893D00016F65F /* stepperDivider@2x.png */; };
		C9A04EB117389E510016F65F /* FNReorderableCell.m in Sources */ = {isa = PBXBuildFile; fileRef = C9A04EB017389E510016F65F /* FNReorderableCell.m */; };
		C9A04EB217389E510016F65F /* FNReorderableCell.m in Sources */ = {isa = PBXBuildFile; fileRef = C9A04EB017389E510016F65F /* FNReorderableCell.m */; };
		C9A04EB517389FEB0016F65F /* FNSelectableCell.m in Sources */ = {isa = PBXBuildFile; fileRef = C9A04EB417389FEB0016F65F /* FNSelectableCell.m */; };
		C9A04EB617389FEB0016F65F /* FNSelectableCell.m in Sources */ = {isa = PBXBuildFile; fileRef = C9A04EB417389FEB0016F65F /* FNSelectableCell.m */; };
		C9A4CF471777DB46007F819A /* FNDirectionView.m in Sources */ = {isa = PBXBuildFile; fileRef = C9A4CF461777DB46007F819A /* FNDirectionView.m */; };
		C9A4CF481777DB46007F819A /* FNDirectionView.m in Sources */ = {isa = PBXBuildFile; fileRef = C9A4CF461777DB46007F819A /* FNDirectionView.m */; };
		C9ACDEAD1771461B00555CE8 /* CoreGraphics.framework in Frameworks */ = {isa = PBXBuildFile; fileRef = C9649E441718B7390039B88E /* CoreGraphics.framework */; };
		C9ACDEAE1771462700555CE8 /* QuartzCore.framework in Frameworks */ = {isa = PBXBuildFile; fileRef = C95DA6B31730C600004F2841 /* QuartzCore.framework */; };
		C9B03F35177A996900226B06 /* FNGameDirections.m in Sources */ = {isa = PBXBuildFile; fileRef = C9B03F34177A996900226B06 /* FNGameDirections.m */; };
		C9B03F36177A996900226B06 /* FNGameDirections.m in Sources */ = {isa = PBXBuildFile; fileRef = C9B03F34177A996900226B06 /* FNGameDirections.m */; };
		C9B03F39177AA44F00226B06 /* FNTVController.m in Sources */ = {isa = PBXBuildFile; fileRef = C9B03F38177AA44F00226B06 /* FNTVController.m */; };
		C9B03F3A177AA44F00226B06 /* FNTVController.m in Sources */ = {isa = PBXBuildFile; fileRef = C9B03F38177AA44F00226B06 /* FNTVController.m */; };
		C9B13696176E439D00B792AD /* FNGameVC.m in Sources */ = {isa = PBXBuildFile; fileRef = C9B13695176E439D00B792AD /* FNGameVC.m */; };
		C9B13697176E439D00B792AD /* FNGameVC.m in Sources */ = {isa = PBXBuildFile; fileRef = C9B13695176E439D00B792AD /* FNGameVC.m */; };
		C9B2607D1772A22F009DBBC9 /* FNPausedVC.m in Sources */ = {isa = PBXBuildFile; fileRef = C9B2607C1772A22F009DBBC9 /* FNPausedVC.m */; };
		C9B2607E1772A22F009DBBC9 /* FNPausedVC.m in Sources */ = {isa = PBXBuildFile; fileRef = C9B2607C1772A22F009DBBC9 /* FNPausedVC.m */; };
		C9B40EE7171A1CC100619D57 /* FNNewGameVC.m in Sources */ = {isa = PBXBuildFile; fileRef = C9B40EE6171A1CC100619D57 /* FNNewGameVC.m */; };
		C9B40EE8171A1CC100619D57 /* FNNewGameVC.m in Sources */ = {isa = PBXBuildFile; fileRef = C9B40EE6171A1CC100619D57 /* FNNewGameVC.m */; };
		C9BAFAF3175AEA1D00C908A6 /* FNScoreViewCell.m in Sources */ = {isa = PBXBuildFile; fileRef = C9BAFAF2175AEA1D00C908A6 /* FNScoreViewCell.m */; };
		C9BAFAF4175AEA1D00C908A6 /* FNScoreViewCell.m in Sources */ = {isa = PBXBuildFile; fileRef = C9BAFAF2175AEA1D00C908A6 /* FNScoreViewCell.m */; };
		C9BAFAF9175AEB1C00C908A6 /* FNScoreVC.m in Sources */ = {isa = PBXBuildFile; fileRef = C9BAFAF8175AEB1C00C908A6 /* FNScoreVC.m */; };
		C9BAFAFA175AEB1C00C908A6 /* FNScoreVC.m in Sources */ = {isa = PBXBuildFile; fileRef = C9BAFAF8175AEB1C00C908A6 /* FNScoreVC.m */; };
		C9E2B6AC177786A300FD08E9 /* FNSeparatorCell.m in Sources */ = {isa = PBXBuildFile; fileRef = C9E2B6AB177786A300FD08E9 /* FNSeparatorCell.m */; };
		C9E2B6AD177786A300FD08E9 /* FNSeparatorCell.m in Sources */ = {isa = PBXBuildFile; fileRef = C9E2B6AB177786A300FD08E9 /* FNSeparatorCell.m */; };
		C9F04F13171A282F00AAAF75 /* FNEditableCell.m in Sources */ = {isa = PBXBuildFile; fileRef = C9F04F12171A282F00AAAF75 /* FNEditableCell.m */; };
		C9F04F14171A282F00AAAF75 /* FNEditableCell.m in Sources */ = {isa = PBXBuildFile; fileRef = C9F04F12171A282F00AAAF75 /* FNEditableCell.m */; };
		C9F04F1F171A5FD000AAAF75 /* FNAssignTeamsVC.m in Sources */ = {isa = PBXBuildFile; fileRef = C9F04F1E171A5FD000AAAF75 /* FNAssignTeamsVC.m */; };
		C9F04F20171A5FD000AAAF75 /* FNAssignTeamsVC.m in Sources */ = {isa = PBXBuildFile; fileRef = C9F04F1E171A5FD000AAAF75 /* FNAssignTeamsVC.m */; };
		C9F04F23171A69EA00AAAF75 /* FNTeam.m in Sources */ = {isa = PBXBuildFile; fileRef = C9F04F22171A69EA00AAAF75 /* FNTeam.m */; };
		C9F04F24171A69EA00AAAF75 /* FNTeam.m in Sources */ = {isa = PBXBuildFile; fileRef = C9F04F22171A69EA00AAAF75 /* FNTeam.m */; };
/* End PBXBuildFile section */

/* Begin PBXContainerItemProxy section */
		C9649E681718B7390039B88E /* PBXContainerItemProxy */ = {
			isa = PBXContainerItemProxy;
			containerPortal = C9649E331718B7390039B88E /* Project object */;
			proxyType = 1;
			remoteGlobalIDString = C9649E3B1718B7390039B88E;
			remoteInfo = "Five Nouns";
		};
/* End PBXContainerItemProxy section */

/* Begin PBXFileReference section */
		A19426C1174DAC5500056345 /* cellBackDarkNone.png */ = {isa = PBXFileReference; lastKnownFileType = image.png; path = cellBackDarkNone.png; sourceTree = "<group>"; };
		A19426C2174DAC5500056345 /* cellBackDarkNone@2x.png */ = {isa = PBXFileReference; lastKnownFileType = image.png; path = "cellBackDarkNone@2x.png"; sourceTree = "<group>"; };
		A19426C5174DAEC200056345 /* reorderControl.png */ = {isa = PBXFileReference; lastKnownFileType = image.png; path = reorderControl.png; sourceTree = "<group>"; };
		A19426C6174DAEC200056345 /* reorderControl@2x.png */ = {isa = PBXFileReference; lastKnownFileType = image.png; path = "reorderControl@2x.png"; sourceTree = "<group>"; };
		A19426C9174DC43F00056345 /* FNNextUpVC.h */ = {isa = PBXFileReference; fileEncoding = 4; lastKnownFileType = sourcecode.c.h; path = FNNextUpVC.h; sourceTree = "<group>"; };
		A19426CA174DC43F00056345 /* FNNextUpVC.m */ = {isa = PBXFileReference; fileEncoding = 4; lastKnownFileType = sourcecode.c.objc; path = FNNextUpVC.m; sourceTree = "<group>"; };
		C914EA44177BEEB500255E41 /* FNTVScoreDelegate.h */ = {isa = PBXFileReference; fileEncoding = 4; lastKnownFileType = sourcecode.c.h; path = FNTVScoreDelegate.h; sourceTree = "<group>"; };
		C914EA45177BEEB500255E41 /* FNTVScoreDelegate.m */ = {isa = PBXFileReference; fileEncoding = 4; lastKnownFileType = sourcecode.c.objc; path = FNTVScoreDelegate.m; sourceTree = "<group>"; };
		C91B8D9E171A1F2600AE468C /* FNAddPlayersVC.h */ = {isa = PBXFileReference; fileEncoding = 4; lastKnownFileType = sourcecode.c.h; path = FNAddPlayersVC.h; sourceTree = "<group>"; };
		C91B8D9F171A1F2600AE468C /* FNAddPlayersVC.m */ = {isa = PBXFileReference; fileEncoding = 4; lastKnownFileType = sourcecode.c.objc; path = FNAddPlayersVC.m; sourceTree = "<group>"; };
		C93DD951172F521C0058CC14 /* cellBackDarkMiddle.png */ = {isa = PBXFileReference; lastKnownFileType = image.png; path = cellBackDarkMiddle.png; sourceTree = "<group>"; };
		C93DD952172F521C0058CC14 /* cellBackDarkMiddle@2x.png */ = {isa = PBXFileReference; lastKnownFileType = image.png; path = "cellBackDarkMiddle@2x.png"; sourceTree = "<group>"; };
		C93DD953172F521C0058CC14 /* cellBackDarkBottom.png */ = {isa = PBXFileReference; lastKnownFileType = image.png; path = cellBackDarkBottom.png; sourceTree = "<group>"; };
		C93DD954172F521C0058CC14 /* cellBackDarkBottom@2x.png */ = {isa = PBXFileReference; lastKnownFileType = image.png; path = "cellBackDarkBottom@2x.png"; sourceTree = "<group>"; };
		C93DD959172F52B10058CC14 /* cellBackButtonTop.png */ = {isa = PBXFileReference; lastKnownFileType = image.png; path = cellBackButtonTop.png; sourceTree = "<group>"; };
		C93DD95A172F52B10058CC14 /* cellBackButtonTop@2x.png */ = {isa = PBXFileReference; lastKnownFileType = image.png; path = "cellBackButtonTop@2x.png"; sourceTree = "<group>"; };
		C95DA6B31730C600004F2841 /* QuartzCore.framework */ = {isa = PBXFileReference; lastKnownFileType = wrapper.framework; name = QuartzCore.framework; path = System/Library/Frameworks/QuartzCore.framework; sourceTree = SDKROOT; };
		C95DD932177D20B0009EF626 /* FNTVDirectionsDelegate.h */ = {isa = PBXFileReference; fileEncoding = 4; lastKnownFileType = sourcecode.c.h; path = FNTVDirectionsDelegate.h; sourceTree = "<group>"; };
		C95DD933177D20B0009EF626 /* FNTVDirectionsDelegate.m */ = {isa = PBXFileReference; fileEncoding = 4; lastKnownFileType = sourcecode.c.objc; path = FNTVDirectionsDelegate.m; sourceTree = "<group>"; };
		C9649E3C1718B7390039B88E /* Five Nouns.app */ = {isa = PBXFileReference; explicitFileType = wrapper.application; includeInIndex = 0; path = "Five Nouns.app"; sourceTree = BUILT_PRODUCTS_DIR; };
		C9649E401718B7390039B88E /* UIKit.framework */ = {isa = PBXFileReference; lastKnownFileType = wrapper.framework; name = UIKit.framework; path = System/Library/Frameworks/UIKit.framework; sourceTree = SDKROOT; };
		C9649E421718B7390039B88E /* Foundation.framework */ = {isa = PBXFileReference; lastKnownFileType = wrapper.framework; name = Foundation.framework; path = System/Library/Frameworks/Foundation.framework; sourceTree = SDKROOT; };
		C9649E441718B7390039B88E /* CoreGraphics.framework */ = {isa = PBXFileReference; lastKnownFileType = wrapper.framework; name = CoreGraphics.framework; path = System/Library/Frameworks/CoreGraphics.framework; sourceTree = SDKROOT; };
		C9649E481718B7390039B88E /* Five Nouns-Info.plist */ = {isa = PBXFileReference; lastKnownFileType = text.plist.xml; path = "Five Nouns-Info.plist"; sourceTree = "<group>"; };
		C9649E4A1718B7390039B88E /* en */ = {isa = PBXFileReference; lastKnownFileType = text.plist.strings; name = en; path = en.lproj/InfoPlist.strings; sourceTree = "<group>"; };
		C9649E4C1718B7390039B88E /* main.m */ = {isa = PBXFileReference; lastKnownFileType = sourcecode.c.objc; path = main.m; sourceTree = "<group>"; };
		C9649E4E1718B7390039B88E /* Five Nouns-Prefix.pch */ = {isa = PBXFileReference; lastKnownFileType = sourcecode.c.h; path = "Five Nouns-Prefix.pch"; sourceTree = "<group>"; };
		C9649E4F1718B7390039B88E /* FNAppDelegate.h */ = {isa = PBXFileReference; lastKnownFileType = sourcecode.c.h; path = FNAppDelegate.h; sourceTree = "<group>"; };
		C9649E501718B7390039B88E /* FNAppDelegate.m */ = {isa = PBXFileReference; lastKnownFileType = sourcecode.c.objc; path = FNAppDelegate.m; sourceTree = "<group>"; };
		C9649E521718B7390039B88E /* Default.png */ = {isa = PBXFileReference; lastKnownFileType = image.png; path = Default.png; sourceTree = "<group>"; };
		C9649E541718B7390039B88E /* Default@2x.png */ = {isa = PBXFileReference; lastKnownFileType = image.png; path = "Default@2x.png"; sourceTree = "<group>"; };
		C9649E561718B7390039B88E /* Default-568h@2x.png */ = {isa = PBXFileReference; lastKnownFileType = image.png; path = "Default-568h@2x.png"; sourceTree = "<group>"; };
		C9649E591718B7390039B88E /* en */ = {isa = PBXFileReference; lastKnownFileType = file.storyboard; name = en; path = en.lproj/MainStoryboard.storyboard; sourceTree = "<group>"; };
		C9649E631718B7390039B88E /* Five NounsTests.octest */ = {isa = PBXFileReference; explicitFileType = wrapper.cfbundle; includeInIndex = 0; path = "Five NounsTests.octest"; sourceTree = BUILT_PRODUCTS_DIR; };
		C9649E641718B7390039B88E /* SenTestingKit.framework */ = {isa = PBXFileReference; lastKnownFileType = wrapper.framework; name = SenTestingKit.framework; path = Library/Frameworks/SenTestingKit.framework; sourceTree = DEVELOPER_DIR; };
		C9649E6C1718B7390039B88E /* Five NounsTests-Info.plist */ = {isa = PBXFileReference; lastKnownFileType = text.plist.xml; path = "Five NounsTests-Info.plist"; sourceTree = "<group>"; };
		C9649E6E1718B7390039B88E /* en */ = {isa = PBXFileReference; lastKnownFileType = text.plist.strings; name = en; path = en.lproj/InfoPlist.strings; sourceTree = "<group>"; };
		C9649E701718B7390039B88E /* Five_NounsTests.h */ = {isa = PBXFileReference; lastKnownFileType = sourcecode.c.h; path = Five_NounsTests.h; sourceTree = "<group>"; };
		C9649E711718B7390039B88E /* Five_NounsTests.m */ = {isa = PBXFileReference; lastKnownFileType = sourcecode.c.objc; path = Five_NounsTests.m; sourceTree = "<group>"; };
		C97F673C1743131D00D5E9BC /* FMMoveTableView.h */ = {isa = PBXFileReference; fileEncoding = 4; lastKnownFileType = sourcecode.c.h; path = FMMoveTableView.h; sourceTree = "<group>"; };
		C97F673D1743131D00D5E9BC /* FMMoveTableView.m */ = {isa = PBXFileReference; fileEncoding = 4; lastKnownFileType = sourcecode.c.objc; path = FMMoveTableView.m; sourceTree = "<group>"; };
		C97FC95F173E13CA0086387F /* checkmarkUserSelected.png */ = {isa = PBXFileReference; lastKnownFileType = image.png; path = checkmarkUserSelected.png; sourceTree = "<group>"; };
		C97FC960173E13CA0086387F /* checkmarkUserSelected@2x.png */ = {isa = PBXFileReference; lastKnownFileType = image.png; path = "checkmarkUserSelected@2x.png"; sourceTree = "<group>"; };
		C97FC961173E13CA0086387F /* checkmarkGameSelected.png */ = {isa = PBXFileReference; lastKnownFileType = image.png; path = checkmarkGameSelected.png; sourceTree = "<group>"; };
		C97FC962173E13CA0086387F /* checkmarkGameSelected@2x.png */ = {isa = PBXFileReference; lastKnownFileType = image.png; path = "checkmarkGameSelected@2x.png"; sourceTree = "<group>"; };
		C99279E1171932510035658F /* FNBrain.h */ = {isa = PBXFileReference; fileEncoding = 4; lastKnownFileType = sourcecode.c.h; path = FNBrain.h; sourceTree = "<group>"; };
		C99279E2171932510035658F /* FNBrain.m */ = {isa = PBXFileReference; fileEncoding = 4; lastKnownFileType = sourcecode.c.objc; path = FNBrain.m; sourceTree = "<group>"; };
		C99279E517193AAD0035658F /* FNPlayer.h */ = {isa = PBXFileReference; fileEncoding = 4; lastKnownFileType = sourcecode.c.h; path = FNPlayer.h; sourceTree = "<group>"; };
		C99279E617193AAD0035658F /* FNPlayer.m */ = {isa = PBXFileReference; fileEncoding = 4; lastKnownFileType = sourcecode.c.objc; path = FNPlayer.m; sourceTree = "<group>"; };
		C99279E917193C780035658F /* FNScoreCard.h */ = {isa = PBXFileReference; fileEncoding = 4; lastKnownFileType = sourcecode.c.h; path = FNScoreCard.h; sourceTree = "<group>"; };
		C99279EA17193C780035658F /* FNScoreCard.m */ = {isa = PBXFileReference; fileEncoding = 4; lastKnownFileType = sourcecode.c.objc; path = FNScoreCard.m; sourceTree = "<group>"; };
		C993A0D7172F8EA200B1983A /* textFieldBack.png */ = {isa = PBXFileReference; lastKnownFileType = image.png; path = textFieldBack.png; sourceTree = "<group>"; };
		C993A0D8172F8EA200B1983A /* textFieldBack@2x.png */ = {isa = PBXFileReference; lastKnownFileType = image.png; path = "textFieldBack@2x.png"; sourceTree = "<group>"; };
		C993E2EC1728C4F000C37DB8 /* FNButtonRect.h */ = {isa = PBXFileReference; fileEncoding = 4; lastKnownFileType = sourcecode.c.h; path = FNButtonRect.h; sourceTree = "<group>"; };
		C993E2ED1728C4F000C37DB8 /* FNButtonRect.m */ = {isa = PBXFileReference; fileEncoding = 4; lastKnownFileType = sourcecode.c.objc; path = FNButtonRect.m; sourceTree = "<group>"; };
		C993E2F21728C6A800C37DB8 /* buttonRect.png */ = {isa = PBXFileReference; lastKnownFileType = image.png; path = buttonRect.png; sourceTree = "<group>"; };
		C993E2F31728C6A800C37DB8 /* buttonRect@2x.png */ = {isa = PBXFileReference; lastKnownFileType = image.png; path = "buttonRect@2x.png"; sourceTree = "<group>"; };
		C993E3031728DC0A00C37DB8 /* FNAppearance.h */ = {isa = PBXFileReference; fileEncoding = 4; lastKnownFileType = sourcecode.c.h; path = FNAppearance.h; sourceTree = "<group>"; };
		C993E3041728DC0A00C37DB8 /* FNAppearance.m */ = {isa = PBXFileReference; fileEncoding = 4; lastKnownFileType = sourcecode.c.objc; path = FNAppearance.m; sourceTree = "<group>"; };
		C993E3071728DD8000C37DB8 /* FNTableViewController.h */ = {isa = PBXFileReference; fileEncoding = 4; lastKnownFileType = sourcecode.c.h; path = FNTableViewController.h; sourceTree = "<group>"; };
		C993E3081728DD8000C37DB8 /* FNTableViewController.m */ = {isa = PBXFileReference; fileEncoding = 4; lastKnownFileType = sourcecode.c.objc; path = FNTableViewController.m; sourceTree = "<group>"; };
		C993E30B1728E48B00C37DB8 /* navBarBackground.png */ = {isa = PBXFileReference; lastKnownFileType = image.png; path = navBarBackground.png; sourceTree = "<group>"; };
		C993E30C1728E48B00C37DB8 /* navBarBackground@2x.png */ = {isa = PBXFileReference; lastKnownFileType = image.png; path = "navBarBackground@2x.png"; sourceTree = "<group>"; };
		C99579A9172DEFA3004E46A9 /* FNButtonCell.h */ = {isa = PBXFileReference; fileEncoding = 4; lastKnownFileType = sourcecode.c.h; path = FNButtonCell.h; sourceTree = "<group>"; };
		C99579AA172DEFA3004E46A9 /* FNButtonCell.m */ = {isa = PBXFileReference; fileEncoding = 4; lastKnownFileType = sourcecode.c.objc; path = FNButtonCell.m; sourceTree = "<group>"; };
		C99579C1172E042F004E46A9 /* FNPlainCell.h */ = {isa = PBXFileReference; fileEncoding = 4; lastKnownFileType = sourcecode.c.h; path = FNPlainCell.h; sourceTree = "<group>"; };
		C99579C2172E042F004E46A9 /* FNPlainCell.m */ = {isa = PBXFileReference; fileEncoding = 4; lastKnownFileType = sourcecode.c.objc; path = FNPlainCell.m; sourceTree = "<group>"; };
		C99579C4172E080A004E46A9 /* cellBackButton.png */ = {isa = PBXFileReference; lastKnownFileType = image.png; path = cellBackButton.png; sourceTree = "<group>"; };
		C99579C5172E080A004E46A9 /* cellBackButton@2x.png */ = {isa = PBXFileReference; lastKnownFileType = image.png; path = "cellBackButton@2x.png"; sourceTree = "<group>"; };
		C99579C8172E080A004E46A9 /* cellBackDark.png */ = {isa = PBXFileReference; lastKnownFileType = image.png; path = cellBackDark.png; sourceTree = "<group>"; };
		C99579C9172E080A004E46A9 /* cellBackDark@2x.png */ = {isa = PBXFileReference; lastKnownFileType = image.png; path = "cellBackDark@2x.png"; sourceTree = "<group>"; };
		C99579CA172E080A004E46A9 /* cellBackPlain.png */ = {isa = PBXFileReference; lastKnownFileType = image.png; path = cellBackPlain.png; sourceTree = "<group>"; };
		C99579CB172E080A004E46A9 /* cellBackPlain@2x.png */ = {isa = PBXFileReference; lastKnownFileType = image.png; path = "cellBackPlain@2x.png"; sourceTree = "<group>"; };
		C99616C8172A30E500469B17 /* rightArrow.png */ = {isa = PBXFileReference; lastKnownFileType = image.png; path = rightArrow.png; sourceTree = "<group>"; };
		C99616C9172A30E500469B17 /* rightArrow@2x.png */ = {isa = PBXFileReference; lastKnownFileType = image.png; path = "rightArrow@2x.png"; sourceTree = "<group>"; };
		C99616CA172A30E500469B17 /* leftArrow.png */ = {isa = PBXFileReference; lastKnownFileType = image.png; path = leftArrow.png; sourceTree = "<group>"; };
		C99616CB172A30E500469B17 /* leftArrow@2x.png */ = {isa = PBXFileReference; lastKnownFileType = image.png; path = "leftArrow@2x.png"; sourceTree = "<group>"; };
		C99B629F1737152F0011611A /* FNStepperCell.h */ = {isa = PBXFileReference; fileEncoding = 4; lastKnownFileType = sourcecode.c.h; path = FNStepperCell.h; sourceTree = "<group>"; };
		C99B62A01737152F0011611A /* FNStepperCell.m */ = {isa = PBXFileReference; fileEncoding = 4; lastKnownFileType = sourcecode.c.objc; path = FNStepperCell.m; sourceTree = "<group>"; };
		C99F2FF3176EC3E000406B2F /* FNCountdownTimer.h */ = {isa = PBXFileReference; fileEncoding = 4; lastKnownFileType = sourcecode.c.h; path = FNCountdownTimer.h; sourceTree = "<group>"; };
		C99F2FF4176EC3E000406B2F /* FNCountdownTimer.m */ = {isa = PBXFileReference; fileEncoding = 4; lastKnownFileType = sourcecode.c.objc; path = FNCountdownTimer.m; sourceTree = "<group>"; };
		C99F9B2E175BF7690012A1D4 /* FNRoundDirectionsVC.h */ = {isa = PBXFileReference; fileEncoding = 4; lastKnownFileType = sourcecode.c.h; path = FNRoundDirectionsVC.h; sourceTree = "<group>"; };
		C99F9B2F175BF7690012A1D4 /* FNRoundDirectionsVC.m */ = {isa = PBXFileReference; fileEncoding = 4; lastKnownFileType = sourcecode.c.objc; path = FNRoundDirectionsVC.m; sourceTree = "<group>"; };
		C99F9B33175C2CB50012A1D4 /* dismissControl.png */ = {isa = PBXFileReference; lastKnownFileType = image.png; path = dismissControl.png; sourceTree = "<group>"; };
		C99F9B34175C2CB50012A1D4 /* dismissControl@2x.png */ = {isa = PBXFileReference; lastKnownFileType = image.png; path = "dismissControl@2x.png"; sourceTree = "<group>"; };
		C9A04E9F173888700016F65F /* decrementImage.png */ = {isa = PBXFileReference; lastKnownFileType = image.png; path = decrementImage.png; sourceTree = "<group>"; };
		C9A04EA0173888700016F65F /* decrementImage@2x.png */ = {isa = PBXFileReference; lastKnownFileType = image.png; path = "decrementImage@2x.png"; sourceTree = "<group>"; };
		C9A04EA1173888700016F65F /* incrementImage@2x.png */ = {isa = PBXFileReference; lastKnownFileType = image.png; path = "incrementImage@2x.png"; sourceTree = "<group>"; };
		C9A04EA2173888700016F65F /* incrementImage.png */ = {isa = PBXFileReference; lastKnownFileType = image.png; path = incrementImage.png; sourceTree = "<group>"; };
		C9A04EAB173893D00016F65F /* stepperDivider.png */ = {isa = PBXFileReference; lastKnownFileType = image.png; path = stepperDivider.png; sourceTree = "<group>"; };
		C9A04EAC173893D00016F65F /* stepperDivider@2x.png */ = {isa = PBXFileReference; lastKnownFileType = image.png; path = "stepperDivider@2x.png"; sourceTree = "<group>"; };
		C9A04EAF17389E510016F65F /* FNReorderableCell.h */ = {isa = PBXFileReference; fileEncoding = 4; lastKnownFileType = sourcecode.c.h; path = FNReorderableCell.h; sourceTree = "<group>"; };
		C9A04EB017389E510016F65F /* FNReorderableCell.m */ = {isa = PBXFileReference; fileEncoding = 4; lastKnownFileType = sourcecode.c.objc; path = FNReorderableCell.m; sourceTree = "<group>"; };
		C9A04EB317389FEB0016F65F /* FNSelectableCell.h */ = {isa = PBXFileReference; fileEncoding = 4; lastKnownFileType = sourcecode.c.h; path = FNSelectableCell.h; sourceTree = "<group>"; };
		C9A04EB417389FEB0016F65F /* FNSelectableCell.m */ = {isa = PBXFileReference; fileEncoding = 4; lastKnownFileType = sourcecode.c.objc; path = FNSelectableCell.m; sourceTree = "<group>"; };
		C9A4CF451777DB46007F819A /* FNDirectionView.h */ = {isa = PBXFileReference; fileEncoding = 4; lastKnownFileType = sourcecode.c.h; path = FNDirectionView.h; sourceTree = "<group>"; };
		C9A4CF461777DB46007F819A /* FNDirectionView.m */ = {isa = PBXFileReference; fileEncoding = 4; lastKnownFileType = sourcecode.c.objc; path = FNDirectionView.m; sourceTree = "<group>"; };
		C9B03F33177A996900226B06 /* FNGameDirections.h */ = {isa = PBXFileReference; fileEncoding = 4; lastKnownFileType = sourcecode.c.h; path = FNGameDirections.h; sourceTree = "<group>"; };
		C9B03F34177A996900226B06 /* FNGameDirections.m */ = {isa = PBXFileReference; fileEncoding = 4; lastKnownFileType = sourcecode.c.objc; path = FNGameDirections.m; sourceTree = "<group>"; };
		C9B03F37177AA44E00226B06 /* FNTVController.h */ = {isa = PBXFileReference; fileEncoding = 4; lastKnownFileType = sourcecode.c.h; path = FNTVController.h; sourceTree = "<group>"; };
		C9B03F38177AA44F00226B06 /* FNTVController.m */ = {isa = PBXFileReference; fileEncoding = 4; lastKnownFileType = sourcecode.c.objc; path = FNTVController.m; sourceTree = "<group>"; };
		C9B13694176E439D00B792AD /* FNGameVC.h */ = {isa = PBXFileReference; fileEncoding = 4; lastKnownFileType = sourcecode.c.h; path = FNGameVC.h; sourceTree = "<group>"; };
		C9B13695176E439D00B792AD /* FNGameVC.m */ = {isa = PBXFileReference; fileEncoding = 4; lastKnownFileType = sourcecode.c.objc; path = FNGameVC.m; sourceTree = "<group>"; };
		C9B2607B1772A22F009DBBC9 /* FNPausedVC.h */ = {isa = PBXFileReference; fileEncoding = 4; lastKnownFileType = sourcecode.c.h; name = FNPausedVC.h; path = ../FNPausedVC.h; sourceTree = "<group>"; };
		C9B2607C1772A22F009DBBC9 /* FNPausedVC.m */ = {isa = PBXFileReference; fileEncoding = 4; lastKnownFileType = sourcecode.c.objc; name = FNPausedVC.m; path = ../FNPausedVC.m; sourceTree = "<group>"; };
		C9B40EE5171A1CC100619D57 /* FNNewGameVC.h */ = {isa = PBXFileReference; fileEncoding = 4; lastKnownFileType = sourcecode.c.h; path = FNNewGameVC.h; sourceTree = "<group>"; };
		C9B40EE6171A1CC100619D57 /* FNNewGameVC.m */ = {isa = PBXFileReference; fileEncoding = 4; lastKnownFileType = sourcecode.c.objc; path = FNNewGameVC.m; sourceTree = "<group>"; };
		C9BAFAF1175AEA1D00C908A6 /* FNScoreViewCell.h */ = {isa = PBXFileReference; fileEncoding = 4; lastKnownFileType = sourcecode.c.h; path = FNScoreViewCell.h; sourceTree = "<group>"; };
		C9BAFAF2175AEA1D00C908A6 /* FNScoreViewCell.m */ = {isa = PBXFileReference; fileEncoding = 4; lastKnownFileType = sourcecode.c.objc; path = FNScoreViewCell.m; sourceTree = "<group>"; };
		C9BAFAF7175AEB1C00C908A6 /* FNScoreVC.h */ = {isa = PBXFileReference; fileEncoding = 4; lastKnownFileType = sourcecode.c.h; path = FNScoreVC.h; sourceTree = "<group>"; };
		C9BAFAF8175AEB1C00C908A6 /* FNScoreVC.m */ = {isa = PBXFileReference; fileEncoding = 4; lastKnownFileType = sourcecode.c.objc; path = FNScoreVC.m; sourceTree = "<group>"; };
		C9E2B6AA177786A300FD08E9 /* FNSeparatorCell.h */ = {isa = PBXFileReference; fileEncoding = 4; lastKnownFileType = sourcecode.c.h; path = FNSeparatorCell.h; sourceTree = "<group>"; };
		C9E2B6AB177786A300FD08E9 /* FNSeparatorCell.m */ = {isa = PBXFileReference; fileEncoding = 4; lastKnownFileType = sourcecode.c.objc; path = FNSeparatorCell.m; sourceTree = "<group>"; };
		C9F04F11171A282F00AAAF75 /* FNEditableCell.h */ = {isa = PBXFileReference; fileEncoding = 4; lastKnownFileType = sourcecode.c.h; path = FNEditableCell.h; sourceTree = "<group>"; };
		C9F04F12171A282F00AAAF75 /* FNEditableCell.m */ = {isa = PBXFileReference; fileEncoding = 4; lastKnownFileType = sourcecode.c.objc; path = FNEditableCell.m; sourceTree = "<group>"; };
		C9F04F1B171A441100AAAF75 /* FNInfoFromModal.h */ = {isa = PBXFileReference; fileEncoding = 4; lastKnownFileType = sourcecode.c.h; path = FNInfoFromModal.h; sourceTree = "<group>"; };
		C9F04F1D171A5FD000AAAF75 /* FNAssignTeamsVC.h */ = {isa = PBXFileReference; fileEncoding = 4; lastKnownFileType = sourcecode.c.h; path = FNAssignTeamsVC.h; sourceTree = "<group>"; };
		C9F04F1E171A5FD000AAAF75 /* FNAssignTeamsVC.m */ = {isa = PBXFileReference; fileEncoding = 4; lastKnownFileType = sourcecode.c.objc; path = FNAssignTeamsVC.m; sourceTree = "<group>"; };
		C9F04F21171A69EA00AAAF75 /* FNTeam.h */ = {isa = PBXFileReference; fileEncoding = 4; lastKnownFileType = sourcecode.c.h; path = FNTeam.h; sourceTree = "<group>"; };
		C9F04F22171A69EA00AAAF75 /* FNTeam.m */ = {isa = PBXFileReference; fileEncoding = 4; lastKnownFileType = sourcecode.c.objc; path = FNTeam.m; sourceTree = "<group>"; };
/* End PBXFileReference section */

/* Begin PBXFrameworksBuildPhase section */
		C9649E391718B7390039B88E /* Frameworks */ = {
			isa = PBXFrameworksBuildPhase;
			buildActionMask = 2147483647;
			files = (
				C9ACDEAE1771462700555CE8 /* QuartzCore.framework in Frameworks */,
				C9ACDEAD1771461B00555CE8 /* CoreGraphics.framework in Frameworks */,
				C9649E411718B7390039B88E /* UIKit.framework in Frameworks */,
				C9649E431718B7390039B88E /* Foundation.framework in Frameworks */,
			);
			runOnlyForDeploymentPostprocessing = 0;
		};
		C9649E5F1718B7390039B88E /* Frameworks */ = {
			isa = PBXFrameworksBuildPhase;
			buildActionMask = 2147483647;
			files = (
				C9649E651718B7390039B88E /* SenTestingKit.framework in Frameworks */,
				C9649E661718B7390039B88E /* UIKit.framework in Frameworks */,
				C9649E671718B7390039B88E /* Foundation.framework in Frameworks */,
			);
			runOnlyForDeploymentPostprocessing = 0;
		};
/* End PBXFrameworksBuildPhase section */

/* Begin PBXGroup section */
		C91B8D9D171A1E8B00AE468C /* View Controllers */ = {
			isa = PBXGroup;
			children = (
				C993E3071728DD8000C37DB8 /* FNTableViewController.h */,
				C993E3081728DD8000C37DB8 /* FNTableViewController.m */,
				C9B40EE5171A1CC100619D57 /* FNNewGameVC.h */,
				C9B40EE6171A1CC100619D57 /* FNNewGameVC.m */,
				C91B8D9E171A1F2600AE468C /* FNAddPlayersVC.h */,
				C91B8D9F171A1F2600AE468C /* FNAddPlayersVC.m */,
				C9F04F1D171A5FD000AAAF75 /* FNAssignTeamsVC.h */,
				C9F04F1E171A5FD000AAAF75 /* FNAssignTeamsVC.m */,
				C9B1369C176E449100B792AD /* NextUpVC */,
				C9B1369D176E449F00B792AD /* GameVC */,
				C99F9B2E175BF7690012A1D4 /* FNRoundDirectionsVC.h */,
				C99F9B2F175BF7690012A1D4 /* FNRoundDirectionsVC.m */,
				C9A4CF451777DB46007F819A /* FNDirectionView.h */,
				C9A4CF461777DB46007F819A /* FNDirectionView.m */,
				C9A7911B1773E5690090E689 /* PausedVC */,
			);
			name = "View Controllers";
			sourceTree = "<group>";
		};
		C9649E311718B7390039B88E = {
			isa = PBXGroup;
			children = (
				C9649E461718B7390039B88E /* Five Nouns */,
				C9649E6A1718B7390039B88E /* Five NounsTests */,
				C9649E3F1718B7390039B88E /* Frameworks */,
				C9649E3D1718B7390039B88E /* Products */,
			);
			sourceTree = "<group>";
		};
		C9649E3D1718B7390039B88E /* Products */ = {
			isa = PBXGroup;
			children = (
				C9649E3C1718B7390039B88E /* Five Nouns.app */,
				C9649E631718B7390039B88E /* Five NounsTests.octest */,
			);
			name = Products;
			sourceTree = "<group>";
		};
		C9649E3F1718B7390039B88E /* Frameworks */ = {
			isa = PBXGroup;
			children = (
				C95DA6B31730C600004F2841 /* QuartzCore.framework */,
				C9649E401718B7390039B88E /* UIKit.framework */,
				C9649E421718B7390039B88E /* Foundation.framework */,
				C9649E441718B7390039B88E /* CoreGraphics.framework */,
				C9649E641718B7390039B88E /* SenTestingKit.framework */,
			);
			name = Frameworks;
			sourceTree = "<group>";
		};
		C9649E461718B7390039B88E /* Five Nouns */ = {
			isa = PBXGroup;
			children = (
				C9649E501718B7390039B88E /* FNAppDelegate.m */,
				C9649E4F1718B7390039B88E /* FNAppDelegate.h */,
				C9649E581718B7390039B88E /* MainStoryboard.storyboard */,
				C993E3031728DC0A00C37DB8 /* FNAppearance.h */,
				C993E3041728DC0A00C37DB8 /* FNAppearance.m */,
				C99279E1171932510035658F /* FNBrain.h */,
				C99279E2171932510035658F /* FNBrain.m */,
				C9F04F1B171A441100AAAF75 /* FNInfoFromModal.h */,
				C97F67411743132100D5E9BC /* Move Table View */,
				C993E2F11728C4F700C37DB8 /* Buttons */,
				C9F04F16171A283500AAAF75 /* Table View Cells */,
				C9BAFAF6175AEA2A00C908A6 /* Collection View Cells */,
				C91B8D9D171A1E8B00AE468C /* View Controllers */,
				C99279E517193AAD0035658F /* FNPlayer.h */,
				C99279E617193AAD0035658F /* FNPlayer.m */,
				C9F04F21171A69EA00AAAF75 /* FNTeam.h */,
				C9F04F22171A69EA00AAAF75 /* FNTeam.m */,
				C99279E917193C780035658F /* FNScoreCard.h */,
				C99279EA17193C780035658F /* FNScoreCard.m */,
				C9B03F33177A996900226B06 /* FNGameDirections.h */,
				C9B03F34177A996900226B06 /* FNGameDirections.m */,
				C9649E471718B7390039B88E /* Supporting Files */,
			);
			path = "Five Nouns";
			sourceTree = "<group>";
		};
		C9649E471718B7390039B88E /* Supporting Files */ = {
			isa = PBXGroup;
			children = (
				C993E2F81728C6B100C37DB8 /* Assets */,
				C9649E481718B7390039B88E /* Five Nouns-Info.plist */,
				C9649E491718B7390039B88E /* InfoPlist.strings */,
				C9649E4C1718B7390039B88E /* main.m */,
				C9649E4E1718B7390039B88E /* Five Nouns-Prefix.pch */,
				C9649E521718B7390039B88E /* Default.png */,
				C9649E541718B7390039B88E /* Default@2x.png */,
				C9649E561718B7390039B88E /* Default-568h@2x.png */,
			);
			name = "Supporting Files";
			sourceTree = "<group>";
		};
		C9649E6A1718B7390039B88E /* Five NounsTests */ = {
			isa = PBXGroup;
			children = (
				C9649E701718B7390039B88E /* Five_NounsTests.h */,
				C9649E711718B7390039B88E /* Five_NounsTests.m */,
				C9649E6B1718B7390039B88E /* Supporting Files */,
			);
			path = "Five NounsTests";
			sourceTree = "<group>";
		};
		C9649E6B1718B7390039B88E /* Supporting Files */ = {
			isa = PBXGroup;
			children = (
				C9649E6C1718B7390039B88E /* Five NounsTests-Info.plist */,
				C9649E6D1718B7390039B88E /* InfoPlist.strings */,
			);
			name = "Supporting Files";
			sourceTree = "<group>";
		};
		C97F67411743132100D5E9BC /* Move Table View */ = {
			isa = PBXGroup;
			children = (
				C97F673C1743131D00D5E9BC /* FMMoveTableView.h */,
				C97F673D1743131D00D5E9BC /* FMMoveTableView.m */,
			);
			name = "Move Table View";
			sourceTree = "<group>";
		};
		C993E2F11728C4F700C37DB8 /* Buttons */ = {
			isa = PBXGroup;
			children = (
				C993E2EC1728C4F000C37DB8 /* FNButtonRect.h */,
				C993E2ED1728C4F000C37DB8 /* FNButtonRect.m */,
			);
			name = Buttons;
			sourceTree = "<group>";
		};
		C993E2F81728C6B100C37DB8 /* Assets */ = {
			isa = PBXGroup;
			children = (
				C99F9B33175C2CB50012A1D4 /* dismissControl.png */,
				C99F9B34175C2CB50012A1D4 /* dismissControl@2x.png */,
				A19426C5174DAEC200056345 /* reorderControl.png */,
				A19426C6174DAEC200056345 /* reorderControl@2x.png */,
				A19426C1174DAC5500056345 /* cellBackDarkNone.png */,
				C97FC960173E13CA0086387F /* checkmarkUserSelected@2x.png */,
				C97FC961173E13CA0086387F /* checkmarkGameSelected.png */,
				C97FC962173E13CA0086387F /* checkmarkGameSelected@2x.png */,
				C9A04EAB173893D00016F65F /* stepperDivider.png */,
				C9A04EAC173893D00016F65F /* stepperDivider@2x.png */,
				C9A04E9F173888700016F65F /* decrementImage.png */,
				C9A04EA0173888700016F65F /* decrementImage@2x.png */,
				C9A04EA1173888700016F65F /* incrementImage@2x.png */,
				C9A04EA2173888700016F65F /* incrementImage.png */,
				C993A0D7172F8EA200B1983A /* textFieldBack.png */,
				C993A0D8172F8EA200B1983A /* textFieldBack@2x.png */,
				C93DD951172F521C0058CC14 /* cellBackDarkMiddle.png */,
				C93DD952172F521C0058CC14 /* cellBackDarkMiddle@2x.png */,
				C93DD953172F521C0058CC14 /* cellBackDarkBottom.png */,
				C93DD954172F521C0058CC14 /* cellBackDarkBottom@2x.png */,
				C99579C8172E080A004E46A9 /* cellBackDark.png */,
				C99579C9172E080A004E46A9 /* cellBackDark@2x.png */,
				A19426C2174DAC5500056345 /* cellBackDarkNone@2x.png */,
				C97FC95F173E13CA0086387F /* checkmarkUserSelected.png */,
				C99579C4172E080A004E46A9 /* cellBackButton.png */,
				C99579C5172E080A004E46A9 /* cellBackButton@2x.png */,
				C93DD959172F52B10058CC14 /* cellBackButtonTop.png */,
				C93DD95A172F52B10058CC14 /* cellBackButtonTop@2x.png */,
				C99579CA172E080A004E46A9 /* cellBackPlain.png */,
				C99579CB172E080A004E46A9 /* cellBackPlain@2x.png */,
				C99616C8172A30E500469B17 /* rightArrow.png */,
				C99616C9172A30E500469B17 /* rightArrow@2x.png */,
				C99616CA172A30E500469B17 /* leftArrow.png */,
				C99616CB172A30E500469B17 /* leftArrow@2x.png */,
				C993E30B1728E48B00C37DB8 /* navBarBackground.png */,
				C993E30C1728E48B00C37DB8 /* navBarBackground@2x.png */,
				C993E2F21728C6A800C37DB8 /* buttonRect.png */,
				C993E2F31728C6A800C37DB8 /* buttonRect@2x.png */,
			);
			name = Assets;
			sourceTree = "<group>";
		};
		C9A7911B1773E5690090E689 /* PausedVC */ = {
			isa = PBXGroup;
			children = (
				C9B2607B1772A22F009DBBC9 /* FNPausedVC.h */,
				C9B2607C1772A22F009DBBC9 /* FNPausedVC.m */,
				C914EA44177BEEB500255E41 /* FNTVScoreDelegate.h */,
				C914EA45177BEEB500255E41 /* FNTVScoreDelegate.m */,
				C95DD932177D20B0009EF626 /* FNTVDirectionsDelegate.h */,
				C95DD933177D20B0009EF626 /* FNTVDirectionsDelegate.m */,
				C9B03F37177AA44E00226B06 /* FNTVController.h */,
				C9B03F38177AA44F00226B06 /* FNTVController.m */,
				C9E2B6AA177786A300FD08E9 /* FNSeparatorCell.h */,
				C9E2B6AB177786A300FD08E9 /* FNSeparatorCell.m */,
			);
			name = PausedVC;
			sourceTree = "<group>";
		};
		C9B1369C176E449100B792AD /* NextUpVC */ = {
			isa = PBXGroup;
			children = (
				A19426C9174DC43F00056345 /* FNNextUpVC.h */,
				A19426CA174DC43F00056345 /* FNNextUpVC.m */,
				C9BAFAF7175AEB1C00C908A6 /* FNScoreVC.h */,
				C9BAFAF8175AEB1C00C908A6 /* FNScoreVC.m */,
			);
			name = NextUpVC;
			sourceTree = "<group>";
		};
		C9B1369D176E449F00B792AD /* GameVC */ = {
			isa = PBXGroup;
			children = (
				C9B13694176E439D00B792AD /* FNGameVC.h */,
				C9B13695176E439D00B792AD /* FNGameVC.m */,
				C99F2FF3176EC3E000406B2F /* FNCountdownTimer.h */,
				C99F2FF4176EC3E000406B2F /* FNCountdownTimer.m */,
			);
			name = GameVC;
			sourceTree = "<group>";
		};
		C9BAFAF6175AEA2A00C908A6 /* Collection View Cells */ = {
			isa = PBXGroup;
			children = (
				C9BAFAF1175AEA1D00C908A6 /* FNScoreViewCell.h */,
				C9BAFAF2175AEA1D00C908A6 /* FNScoreViewCell.m */,
			);
			name = "Collection View Cells";
			sourceTree = "<group>";
		};
		C9F04F16171A283500AAAF75 /* Table View Cells */ = {
			isa = PBXGroup;
			children = (
				C9F04F11171A282F00AAAF75 /* FNEditableCell.h */,
				C9F04F12171A282F00AAAF75 /* FNEditableCell.m */,
				C99579A9172DEFA3004E46A9 /* FNButtonCell.h */,
				C99579AA172DEFA3004E46A9 /* FNButtonCell.m */,
				C99579C1172E042F004E46A9 /* FNPlainCell.h */,
				C99579C2172E042F004E46A9 /* FNPlainCell.m */,
				C99B629F1737152F0011611A /* FNStepperCell.h */,
				C99B62A01737152F0011611A /* FNStepperCell.m */,
				C9A04EAF17389E510016F65F /* FNReorderableCell.h */,
				C9A04EB017389E510016F65F /* FNReorderableCell.m */,
				C9A04EB317389FEB0016F65F /* FNSelectableCell.h */,
				C9A04EB417389FEB0016F65F /* FNSelectableCell.m */,
			);
			name = "Table View Cells";
			sourceTree = "<group>";
		};
/* End PBXGroup section */

/* Begin PBXNativeTarget section */
		C9649E3B1718B7390039B88E /* Five Nouns */ = {
			isa = PBXNativeTarget;
			buildConfigurationList = C9649E751718B7390039B88E /* Build configuration list for PBXNativeTarget "Five Nouns" */;
			buildPhases = (
				C9649E381718B7390039B88E /* Sources */,
				C9649E391718B7390039B88E /* Frameworks */,
				C9649E3A1718B7390039B88E /* Resources */,
			);
			buildRules = (
			);
			dependencies = (
			);
			name = "Five Nouns";
			productName = "Five Nouns";
			productReference = C9649E3C1718B7390039B88E /* Five Nouns.app */;
			productType = "com.apple.product-type.application";
		};
		C9649E621718B7390039B88E /* Five NounsTests */ = {
			isa = PBXNativeTarget;
			buildConfigurationList = C9649E781718B7390039B88E /* Build configuration list for PBXNativeTarget "Five NounsTests" */;
			buildPhases = (
				C9649E5E1718B7390039B88E /* Sources */,
				C9649E5F1718B7390039B88E /* Frameworks */,
				C9649E601718B7390039B88E /* Resources */,
				C9649E611718B7390039B88E /* ShellScript */,
			);
			buildRules = (
			);
			dependencies = (
				C9649E691718B7390039B88E /* PBXTargetDependency */,
			);
			name = "Five NounsTests";
			productName = "Five NounsTests";
			productReference = C9649E631718B7390039B88E /* Five NounsTests.octest */;
			productType = "com.apple.product-type.bundle";
		};
/* End PBXNativeTarget section */

/* Begin PBXProject section */
		C9649E331718B7390039B88E /* Project object */ = {
			isa = PBXProject;
			attributes = {
				CLASSPREFIX = FN;
				LastUpgradeCheck = 0450;
				ORGANIZATIONNAME = "Matthew Edmonds";
			};
			buildConfigurationList = C9649E361718B7390039B88E /* Build configuration list for PBXProject "Five Nouns" */;
			compatibilityVersion = "Xcode 3.2";
			developmentRegion = English;
			hasScannedForEncodings = 0;
			knownRegions = (
				en,
			);
			mainGroup = C9649E311718B7390039B88E;
			productRefGroup = C9649E3D1718B7390039B88E /* Products */;
			projectDirPath = "";
			projectRoot = "";
			targets = (
				C9649E3B1718B7390039B88E /* Five Nouns */,
				C9649E621718B7390039B88E /* Five NounsTests */,
			);
		};
/* End PBXProject section */

/* Begin PBXResourcesBuildPhase section */
		C9649E3A1718B7390039B88E /* Resources */ = {
			isa = PBXResourcesBuildPhase;
			buildActionMask = 2147483647;
			files = (
				C9649E4B1718B7390039B88E /* InfoPlist.strings in Resources */,
				C9649E531718B7390039B88E /* Default.png in Resources */,
				C9649E551718B7390039B88E /* Default@2x.png in Resources */,
				C9649E571718B7390039B88E /* Default-568h@2x.png in Resources */,
				C9649E5A1718B7390039B88E /* MainStoryboard.storyboard in Resources */,
				C993E2F41728C6A800C37DB8 /* buttonRect.png in Resources */,
				C993E2F61728C6A800C37DB8 /* buttonRect@2x.png in Resources */,
				C993E30D1728E48B00C37DB8 /* navBarBackground.png in Resources */,
				C993E30F1728E48B00C37DB8 /* navBarBackground@2x.png in Resources */,
				C99616CC172A30E500469B17 /* rightArrow.png in Resources */,
				C99616CD172A30E500469B17 /* rightArrow@2x.png in Resources */,
				C99616CE172A30E500469B17 /* leftArrow.png in Resources */,
				C99616CF172A30E500469B17 /* leftArrow@2x.png in Resources */,
				C99579CC172E080A004E46A9 /* cellBackButton.png in Resources */,
				C99579CD172E080A004E46A9 /* cellBackButton@2x.png in Resources */,
				C99579D0172E080A004E46A9 /* cellBackDark.png in Resources */,
				C99579D1172E080A004E46A9 /* cellBackDark@2x.png in Resources */,
				C99579D2172E080A004E46A9 /* cellBackPlain.png in Resources */,
				C99579D3172E080A004E46A9 /* cellBackPlain@2x.png in Resources */,
				C93DD955172F521C0058CC14 /* cellBackDarkMiddle.png in Resources */,
				C93DD956172F521C0058CC14 /* cellBackDarkMiddle@2x.png in Resources */,
				C93DD957172F521C0058CC14 /* cellBackDarkBottom.png in Resources */,
				C93DD958172F521C0058CC14 /* cellBackDarkBottom@2x.png in Resources */,
				C93DD95B172F52B10058CC14 /* cellBackButtonTop.png in Resources */,
				C93DD95C172F52B10058CC14 /* cellBackButtonTop@2x.png in Resources */,
				C993A0D9172F8EA200B1983A /* textFieldBack.png in Resources */,
				C993A0DA172F8EA200B1983A /* textFieldBack@2x.png in Resources */,
				C9A04EA3173888700016F65F /* decrementImage.png in Resources */,
				C9A04EA4173888700016F65F /* decrementImage@2x.png in Resources */,
				C9A04EA5173888700016F65F /* incrementImage@2x.png in Resources */,
				C9A04EA6173888700016F65F /* incrementImage.png in Resources */,
				C9A04EAD173893D00016F65F /* stepperDivider.png in Resources */,
				C9A04EAE173893D00016F65F /* stepperDivider@2x.png in Resources */,
				C97FC963173E13CA0086387F /* checkmarkUserSelected.png in Resources */,
				C97FC964173E13CA0086387F /* checkmarkUserSelected@2x.png in Resources */,
				C97FC965173E13CA0086387F /* checkmarkGameSelected.png in Resources */,
				C97FC966173E13CA0086387F /* checkmarkGameSelected@2x.png in Resources */,
				A19426C3174DAC5500056345 /* cellBackDarkNone.png in Resources */,
				A19426C4174DAC5500056345 /* cellBackDarkNone@2x.png in Resources */,
				A19426C7174DAEC200056345 /* reorderControl.png in Resources */,
				A19426C8174DAEC200056345 /* reorderControl@2x.png in Resources */,
				C99F9B35175C2CB50012A1D4 /* dismissControl.png in Resources */,
				C99F9B37175C2CB50012A1D4 /* dismissControl@2x.png in Resources */,
			);
			runOnlyForDeploymentPostprocessing = 0;
		};
		C9649E601718B7390039B88E /* Resources */ = {
			isa = PBXResourcesBuildPhase;
			buildActionMask = 2147483647;
			files = (
				C9649E6F1718B7390039B88E /* InfoPlist.strings in Resources */,
				C993E2F51728C6A800C37DB8 /* buttonRect.png in Resources */,
				C993E2F71728C6A800C37DB8 /* buttonRect@2x.png in Resources */,
				C993E30E1728E48B00C37DB8 /* navBarBackground.png in Resources */,
				C993E3101728E48B00C37DB8 /* navBarBackground@2x.png in Resources */,
				C99F9B36175C2CB50012A1D4 /* dismissControl.png in Resources */,
				C99F9B38175C2CB50012A1D4 /* dismissControl@2x.png in Resources */,
			);
			runOnlyForDeploymentPostprocessing = 0;
		};
/* End PBXResourcesBuildPhase section */

/* Begin PBXShellScriptBuildPhase section */
		C9649E611718B7390039B88E /* ShellScript */ = {
			isa = PBXShellScriptBuildPhase;
			buildActionMask = 2147483647;
			files = (
			);
			inputPaths = (
			);
			outputPaths = (
			);
			runOnlyForDeploymentPostprocessing = 0;
			shellPath = /bin/sh;
			shellScript = "# Run the unit tests in this test bundle.\n\"${SYSTEM_DEVELOPER_DIR}/Tools/RunUnitTests\"\n";
		};
/* End PBXShellScriptBuildPhase section */

/* Begin PBXSourcesBuildPhase section */
		C9649E381718B7390039B88E /* Sources */ = {
			isa = PBXSourcesBuildPhase;
			buildActionMask = 2147483647;
			files = (
				C9649E4D1718B7390039B88E /* main.m in Sources */,
				C9649E511718B7390039B88E /* FNAppDelegate.m in Sources */,
				C99279E3171932510035658F /* FNBrain.m in Sources */,
				C99279E717193AAD0035658F /* FNPlayer.m in Sources */,
				C99279EB17193C780035658F /* FNScoreCard.m in Sources */,
				C9B40EE7171A1CC100619D57 /* FNNewGameVC.m in Sources */,
				C91B8DA0171A1F2600AE468C /* FNAddPlayersVC.m in Sources */,
				C9F04F13171A282F00AAAF75 /* FNEditableCell.m in Sources */,
				C9F04F1F171A5FD000AAAF75 /* FNAssignTeamsVC.m in Sources */,
				C9F04F23171A69EA00AAAF75 /* FNTeam.m in Sources */,
				C993E2EE1728C4F000C37DB8 /* FNButtonRect.m in Sources */,
				C993E3051728DC0A00C37DB8 /* FNAppearance.m in Sources */,
				C993E3091728DD8000C37DB8 /* FNTableViewController.m in Sources */,
				C99579AB172DEFA3004E46A9 /* FNButtonCell.m in Sources */,
				C99579C3172E042F004E46A9 /* FNPlainCell.m in Sources */,
				C99B62A11737152F0011611A /* FNStepperCell.m in Sources */,
				C9A04EB117389E510016F65F /* FNReorderableCell.m in Sources */,
				C9A04EB517389FEB0016F65F /* FNSelectableCell.m in Sources */,
				C97F673E1743131D00D5E9BC /* FMMoveTableView.m in Sources */,
				A19426CB174DC43F00056345 /* FNNextUpVC.m in Sources */,
				C9BAFAF3175AEA1D00C908A6 /* FNScoreViewCell.m in Sources */,
				C9BAFAF9175AEB1C00C908A6 /* FNScoreVC.m in Sources */,
				C99F9B30175BF7690012A1D4 /* FNRoundDirectionsVC.m in Sources */,
				C9B13696176E439D00B792AD /* FNGameVC.m in Sources */,
				C99F2FF5176EC3E000406B2F /* FNCountdownTimer.m in Sources */,
				C9B2607D1772A22F009DBBC9 /* FNPausedVC.m in Sources */,
				C9E2B6AC177786A300FD08E9 /* FNSeparatorCell.m in Sources */,
				C9A4CF471777DB46007F819A /* FNDirectionView.m in Sources */,
				C9B03F35177A996900226B06 /* FNGameDirections.m in Sources */,
				C9B03F39177AA44F00226B06 /* FNTVController.m in Sources */,
				C914EA46177BEEB500255E41 /* FNTVScoreDelegate.m in Sources */,
				C95DD934177D20B0009EF626 /* FNTVDirectionsDelegate.m in Sources */,
			);
			runOnlyForDeploymentPostprocessing = 0;
		};
		C9649E5E1718B7390039B88E /* Sources */ = {
			isa = PBXSourcesBuildPhase;
			buildActionMask = 2147483647;
			files = (
				C9649E721718B7390039B88E /* Five_NounsTests.m in Sources */,
				C99279E4171932510035658F /* FNBrain.m in Sources */,
				C99279E817193AAD0035658F /* FNPlayer.m in Sources */,
				C99279EC17193C780035658F /* FNScoreCard.m in Sources */,
				C9B40EE8171A1CC100619D57 /* FNNewGameVC.m in Sources */,
				C91B8DA1171A1F2600AE468C /* FNAddPlayersVC.m in Sources */,
				C9F04F14171A282F00AAAF75 /* FNEditableCell.m in Sources */,
				C9F04F20171A5FD000AAAF75 /* FNAssignTeamsVC.m in Sources */,
				C9F04F24171A69EA00AAAF75 /* FNTeam.m in Sources */,
				C993E2EF1728C4F000C37DB8 /* FNButtonRect.m in Sources */,
				C993E3061728DC0A00C37DB8 /* FNAppearance.m in Sources */,
				C993E30A1728DD8000C37DB8 /* FNTableViewController.m in Sources */,
				C99B62A21737152F0011611A /* FNStepperCell.m in Sources */,
				C9A04EB217389E510016F65F /* FNReorderableCell.m in Sources */,
				C9A04EB617389FEB0016F65F /* FNSelectableCell.m in Sources */,
				C97F673F1743131D00D5E9BC /* FMMoveTableView.m in Sources */,
				A19426CC174DC43F00056345 /* FNNextUpVC.m in Sources */,
				C9BAFAF4175AEA1D00C908A6 /* FNScoreViewCell.m in Sources */,
				C9BAFAFA175AEB1C00C908A6 /* FNScoreVC.m in Sources */,
				C99F9B31175BF7690012A1D4 /* FNRoundDirectionsVC.m in Sources */,
				C9B13697176E439D00B792AD /* FNGameVC.m in Sources */,
				C99F2FF6176EC3E000406B2F /* FNCountdownTimer.m in Sources */,
				C9B2607E1772A22F009DBBC9 /* FNPausedVC.m in Sources */,
				C9E2B6AD177786A300FD08E9 /* FNSeparatorCell.m in Sources */,
				C9A4CF481777DB46007F819A /* FNDirectionView.m in Sources */,
				C9B03F36177A996900226B06 /* FNGameDirections.m in Sources */,
				C9B03F3A177AA44F00226B06 /* FNTVController.m in Sources */,
				C914EA47177BEEB500255E41 /* FNTVScoreDelegate.m in Sources */,
				C95DD935177D20B0009EF626 /* FNTVDirectionsDelegate.m in Sources */,
			);
			runOnlyForDeploymentPostprocessing = 0;
		};
/* End PBXSourcesBuildPhase section */

/* Begin PBXTargetDependency section */
		C9649E691718B7390039B88E /* PBXTargetDependency */ = {
			isa = PBXTargetDependency;
			target = C9649E3B1718B7390039B88E /* Five Nouns */;
			targetProxy = C9649E681718B7390039B88E /* PBXContainerItemProxy */;
		};
/* End PBXTargetDependency section */

/* Begin PBXVariantGroup section */
		C9649E491718B7390039B88E /* InfoPlist.strings */ = {
			isa = PBXVariantGroup;
			children = (
				C9649E4A1718B7390039B88E /* en */,
			);
			name = InfoPlist.strings;
			sourceTree = "<group>";
		};
		C9649E581718B7390039B88E /* MainStoryboard.storyboard */ = {
			isa = PBXVariantGroup;
			children = (
				C9649E591718B7390039B88E /* en */,
			);
			name = MainStoryboard.storyboard;
			sourceTree = "<group>";
		};
		C9649E6D1718B7390039B88E /* InfoPlist.strings */ = {
			isa = PBXVariantGroup;
			children = (
				C9649E6E1718B7390039B88E /* en */,
			);
			name = InfoPlist.strings;
			sourceTree = "<group>";
		};
/* End PBXVariantGroup section */

/* Begin XCBuildConfiguration section */
		C9649E731718B7390039B88E /* Debug */ = {
			isa = XCBuildConfiguration;
			buildSettings = {
				ALWAYS_SEARCH_USER_PATHS = NO;
				CLANG_CXX_LANGUAGE_STANDARD = "gnu++0x";
				CLANG_CXX_LIBRARY = "libc++";
				CLANG_ENABLE_OBJC_ARC = YES;
				CLANG_WARN_EMPTY_BODY = YES;
				CLANG_WARN__DUPLICATE_METHOD_MATCH = YES;
				"CODE_SIGN_IDENTITY[sdk=iphoneos*]" = "iPhone Developer";
				COPY_PHASE_STRIP = NO;
				GCC_C_LANGUAGE_STANDARD = gnu99;
				GCC_DYNAMIC_NO_PIC = NO;
				GCC_OPTIMIZATION_LEVEL = 0;
				GCC_PREPROCESSOR_DEFINITIONS = (
					"DEBUG=1",
					"$(inherited)",
				);
				GCC_SYMBOLS_PRIVATE_EXTERN = NO;
				GCC_WARN_ABOUT_RETURN_TYPE = YES;
				GCC_WARN_UNINITIALIZED_AUTOS = YES;
				GCC_WARN_UNUSED_VARIABLE = YES;
				IPHONEOS_DEPLOYMENT_TARGET = 6.0;
				ONLY_ACTIVE_ARCH = YES;
				SDKROOT = iphoneos;
			};
			name = Debug;
		};
		C9649E741718B7390039B88E /* Release */ = {
			isa = XCBuildConfiguration;
			buildSettings = {
				ALWAYS_SEARCH_USER_PATHS = NO;
				CLANG_CXX_LANGUAGE_STANDARD = "gnu++0x";
				CLANG_CXX_LIBRARY = "libc++";
				CLANG_ENABLE_OBJC_ARC = YES;
				CLANG_WARN_EMPTY_BODY = YES;
				CLANG_WARN__DUPLICATE_METHOD_MATCH = YES;
				"CODE_SIGN_IDENTITY[sdk=iphoneos*]" = "iPhone Developer";
				COPY_PHASE_STRIP = YES;
				GCC_C_LANGUAGE_STANDARD = gnu99;
				GCC_WARN_ABOUT_RETURN_TYPE = YES;
				GCC_WARN_UNINITIALIZED_AUTOS = YES;
				GCC_WARN_UNUSED_VARIABLE = YES;
				IPHONEOS_DEPLOYMENT_TARGET = 6.0;
				OTHER_CFLAGS = "-DNS_BLOCK_ASSERTIONS=1";
				SDKROOT = iphoneos;
				VALIDATE_PRODUCT = YES;
			};
			name = Release;
		};
		C9649E761718B7390039B88E /* Debug */ = {
			isa = XCBuildConfiguration;
			buildSettings = {
				GCC_PRECOMPILE_PREFIX_HEADER = YES;
				GCC_PREFIX_HEADER = "Five Nouns/Five Nouns-Prefix.pch";
				INFOPLIST_FILE = "Five Nouns/Five Nouns-Info.plist";
				IPHONEOS_DEPLOYMENT_TARGET = 6.1;
				PRODUCT_NAME = "$(TARGET_NAME)";
				WRAPPER_EXTENSION = app;
			};
			name = Debug;
		};
		C9649E771718B7390039B88E /* Release */ = {
			isa = XCBuildConfiguration;
			buildSettings = {
				GCC_PRECOMPILE_PREFIX_HEADER = YES;
				GCC_PREFIX_HEADER = "Five Nouns/Five Nouns-Prefix.pch";
				INFOPLIST_FILE = "Five Nouns/Five Nouns-Info.plist";
				IPHONEOS_DEPLOYMENT_TARGET = 6.1;
				PRODUCT_NAME = "$(TARGET_NAME)";
				WRAPPER_EXTENSION = app;
			};
			name = Release;
		};
		C9649E791718B7390039B88E /* Debug */ = {
			isa = XCBuildConfiguration;
			buildSettings = {
				BUNDLE_LOADER = "$(BUILT_PRODUCTS_DIR)/Five Nouns.app/Five Nouns";
				FRAMEWORK_SEARCH_PATHS = (
					"\"$(SDKROOT)/Developer/Library/Frameworks\"",
					"\"$(DEVELOPER_LIBRARY_DIR)/Frameworks\"",
				);
				GCC_PRECOMPILE_PREFIX_HEADER = YES;
				GCC_PREFIX_HEADER = "Five Nouns/Five Nouns-Prefix.pch";
				INFOPLIST_FILE = "Five NounsTests/Five NounsTests-Info.plist";
				PRODUCT_NAME = "$(TARGET_NAME)";
				TEST_HOST = "$(BUNDLE_LOADER)";
				WRAPPER_EXTENSION = octest;
			};
			name = Debug;
		};
		C9649E7A1718B7390039B88E /* Release */ = {
			isa = XCBuildConfiguration;
			buildSettings = {
				BUNDLE_LOADER = "$(BUILT_PRODUCTS_DIR)/Five Nouns.app/Five Nouns";
				FRAMEWORK_SEARCH_PATHS = (
					"\"$(SDKROOT)/Developer/Library/Frameworks\"",
					"\"$(DEVELOPER_LIBRARY_DIR)/Frameworks\"",
				);
				GCC_PRECOMPILE_PREFIX_HEADER = YES;
				GCC_PREFIX_HEADER = "Five Nouns/Five Nouns-Prefix.pch";
				INFOPLIST_FILE = "Five NounsTests/Five NounsTests-Info.plist";
				PRODUCT_NAME = "$(TARGET_NAME)";
				TEST_HOST = "$(BUNDLE_LOADER)";
				WRAPPER_EXTENSION = octest;
			};
			name = Release;
		};
/* End XCBuildConfiguration section */

/* Begin XCConfigurationList section */
		C9649E361718B7390039B88E /* Build configuration list for PBXProject "Five Nouns" */ = {
			isa = XCConfigurationList;
			buildConfigurations = (
				C9649E731718B7390039B88E /* Debug */,
				C9649E741718B7390039B88E /* Release */,
			);
			defaultConfigurationIsVisible = 0;
			defaultConfigurationName = Release;
		};
		C9649E751718B7390039B88E /* Build configuration list for PBXNativeTarget "Five Nouns" */ = {
			isa = XCConfigurationList;
			buildConfigurations = (
				C9649E761718B7390039B88E /* Debug */,
				C9649E771718B7390039B88E /* Release */,
			);
			defaultConfigurationIsVisible = 0;
			defaultConfigurationName = Release;
		};
		C9649E781718B7390039B88E /* Build configuration list for PBXNativeTarget "Five NounsTests" */ = {
			isa = XCConfigurationList;
			buildConfigurations = (
				C9649E791718B7390039B88E /* Debug */,
				C9649E7A1718B7390039B88E /* Release */,
			);
			defaultConfigurationIsVisible = 0;
			defaultConfigurationName = Release;
		};
/* End XCConfigurationList section */
	};
	rootObject = C9649E331718B7390039B88E /* Project object */;
}
